
Microsoft Visual Studio Solution File, Format Version 12.00
# Visual Studio Version 17
VisualStudioVersion = 17.13.35931.197
MinimumVisualStudioVersion = 10.0.40219.1
Project("{FAE04EC0-301F-11D3-BF4B-00C04F79EFBC}") = "FluentCMS.Core.Interception", "src\FluentCMS.Core.Interception\FluentCMS.Core.Interception.csproj", "{9A595978-5945-4DA2-A1EC-DC960E5DC329}"
EndProject
Project("{2150E333-8FDC-42A3-9474-1A3956D46DE8}") = "EventBus", "EventBus", "{5744E356-8F2C-4B70-A94E-CAFAA39D45DB}"
EndProject
Project("{2150E333-8FDC-42A3-9474-1A3956D46DE8}") = "Interception", "Interception", "{B39501A4-7185-4951-8218-4AAAB84C8C09}"
EndProject
Project("{2150E333-8FDC-42A3-9474-1A3956D46DE8}") = "Api", "Api", "{F5901223-83FB-4379-B5EF-450B6F845743}"
EndProject
Project("{FAE04EC0-301F-11D3-BF4B-00C04F79EFBC}") = "FluentCMS", "src\FluentCMS\FluentCMS.csproj", "{67568F19-6F5D-4E6D-B60F-0BCEF2CB4169}"
EndProject
Project("{2150E333-8FDC-42A3-9474-1A3956D46DE8}") = "Plugins", "Plugins", "{12288030-F57A-4F6C-A7F4-CD6126134C3E}"
EndProject
Project("{2150E333-8FDC-42A3-9474-1A3956D46DE8}") = "Identity", "Identity", "{87495A0B-08BE-4F0A-A4BC-2668B060E40E}"
EndProject
Project("{FAE04EC0-301F-11D3-BF4B-00C04F79EFBC}") = "FluentCMS.Plugins", "src\Plugins\FluentCMS.Plugins\FluentCMS.Plugins.csproj", "{04ED9890-95A7-4300-95EE-E39506C2EE7C}"
EndProject
Project("{FAE04EC0-301F-11D3-BF4B-00C04F79EFBC}") = "FluentCMS.Plugins.Abstractions", "src\Plugins\FluentCMS.Plugins.Abstractions\FluentCMS.Plugins.Abstractions.csproj", "{425A7B16-8091-455A-8C1E-2F27D22A9004}"
EndProject
Project("{FAE04EC0-301F-11D3-BF4B-00C04F79EFBC}") = "FluentCMS.Plugins.AuditTrailManager", "src\Plugins\FluentCMS.Plugins.AuditTrailManager\FluentCMS.Plugins.AuditTrailManager.csproj", "{407B0001-1BEB-4F1E-981D-C1FFBA1C2818}"
EndProject
Project("{FAE04EC0-301F-11D3-BF4B-00C04F79EFBC}") = "FluentCMS.Shared", "src\FluentCMS.Shared\FluentCMS.Shared.csproj", "{5024D4A2-704A-4576-BB72-7E3FF9B71E6E}"
EndProject
Project("{2150E333-8FDC-42A3-9474-1A3956D46DE8}") = "Repositories", "Repositories", "{02EA681E-C7D8-13C7-8484-4AC65E1B71E8}"
EndProject
Project("{FAE04EC0-301F-11D3-BF4B-00C04F79EFBC}") = "FluentCMS.Repositories.Abstractions", "src\Repositories\FluentCMS.Repositories.Abstractions\FluentCMS.Repositories.Abstractions.csproj", "{1D5BE5FB-95A4-4B8D-B8C3-B52A4D8C6417}"
EndProject
Project("{FAE04EC0-301F-11D3-BF4B-00C04F79EFBC}") = "FluentCMS.Repositories.EntityFramework", "src\Repositories\FluentCMS.Repositories.EntityFramework\FluentCMS.Repositories.EntityFramework.csproj", "{D29BE1AA-006E-4517-ABFF-BDDF1014EA04}"
EndProject
Project("{FAE04EC0-301F-11D3-BF4B-00C04F79EFBC}") = "FluentCMS.EventBus.Abstractions", "src\EventBus\FluentCMS.EventBus.Abstractions\FluentCMS.EventBus.Abstractions.csproj", "{4A66F6CB-DF56-4C2F-9072-E4D4677AC31A}"
EndProject
Project("{FAE04EC0-301F-11D3-BF4B-00C04F79EFBC}") = "FluentCMS.EventBus", "src\EventBus\FluentCMS.EventBus\FluentCMS.EventBus.csproj", "{C1E05A2A-A3D8-434C-94C0-485B46BF586A}"
EndProject
Project("{FAE04EC0-301F-11D3-BF4B-00C04F79EFBC}") = "FluentCMS.TodoApi", "src\Plugins\FluentCMS.TodoApi\FluentCMS.TodoApi.csproj", "{5A15A544-F53B-39E3-7435-80F583098355}"
EndProject
Project("{FAE04EC0-301F-11D3-BF4B-00C04F79EFBC}") = "FluentCMS.Identity", "src\Identity\FluentCMS.Identity\FluentCMS.Identity.csproj", "{B4C57A8B-BE21-4D68-BC6A-7576B44546A0}"
EndProject
Project("{FAE04EC0-301F-11D3-BF4B-00C04F79EFBC}") = "FluentCMS.Plugins.Authentication", "src\Plugins\FluentCMS.Plugins.Authentication\FluentCMS.Plugins.Authentication.csproj", "{41CEC392-3550-382A-2721-90F584131820}"
EndProject
Project("{FAE04EC0-301F-11D3-BF4B-00C04F79EFBC}") = "FluentCMS.Api", "src\Api\FluentCMS.Api\FluentCMS.Api.csproj", "{5CF53D40-07D9-489D-837F-9D3D3C5A1A9D}"
EndProject
Global
	GlobalSection(SolutionConfigurationPlatforms) = preSolution
		Debug|Any CPU = Debug|Any CPU
		Debug|x64 = Debug|x64
		Debug|x86 = Debug|x86
		Release|Any CPU = Release|Any CPU
		Release|x64 = Release|x64
		Release|x86 = Release|x86
	EndGlobalSection
	GlobalSection(ProjectConfigurationPlatforms) = postSolution
		{9A595978-5945-4DA2-A1EC-DC960E5DC329}.Debug|Any CPU.ActiveCfg = Debug|Any CPU
		{9A595978-5945-4DA2-A1EC-DC960E5DC329}.Debug|Any CPU.Build.0 = Debug|Any CPU
		{9A595978-5945-4DA2-A1EC-DC960E5DC329}.Debug|x64.ActiveCfg = Debug|Any CPU
		{9A595978-5945-4DA2-A1EC-DC960E5DC329}.Debug|x64.Build.0 = Debug|Any CPU
		{9A595978-5945-4DA2-A1EC-DC960E5DC329}.Debug|x86.ActiveCfg = Debug|Any CPU
		{9A595978-5945-4DA2-A1EC-DC960E5DC329}.Debug|x86.Build.0 = Debug|Any CPU
		{9A595978-5945-4DA2-A1EC-DC960E5DC329}.Release|Any CPU.ActiveCfg = Release|Any CPU
		{9A595978-5945-4DA2-A1EC-DC960E5DC329}.Release|Any CPU.Build.0 = Release|Any CPU
		{9A595978-5945-4DA2-A1EC-DC960E5DC329}.Release|x64.ActiveCfg = Release|Any CPU
		{9A595978-5945-4DA2-A1EC-DC960E5DC329}.Release|x64.Build.0 = Release|Any CPU
		{9A595978-5945-4DA2-A1EC-DC960E5DC329}.Release|x86.ActiveCfg = Release|Any CPU
		{9A595978-5945-4DA2-A1EC-DC960E5DC329}.Release|x86.Build.0 = Release|Any CPU
		{67568F19-6F5D-4E6D-B60F-0BCEF2CB4169}.Debug|Any CPU.ActiveCfg = Debug|Any CPU
		{67568F19-6F5D-4E6D-B60F-0BCEF2CB4169}.Debug|Any CPU.Build.0 = Debug|Any CPU
		{67568F19-6F5D-4E6D-B60F-0BCEF2CB4169}.Debug|x64.ActiveCfg = Debug|Any CPU
		{67568F19-6F5D-4E6D-B60F-0BCEF2CB4169}.Debug|x64.Build.0 = Debug|Any CPU
		{67568F19-6F5D-4E6D-B60F-0BCEF2CB4169}.Debug|x86.ActiveCfg = Debug|Any CPU
		{67568F19-6F5D-4E6D-B60F-0BCEF2CB4169}.Debug|x86.Build.0 = Debug|Any CPU
		{67568F19-6F5D-4E6D-B60F-0BCEF2CB4169}.Release|Any CPU.ActiveCfg = Release|Any CPU
		{67568F19-6F5D-4E6D-B60F-0BCEF2CB4169}.Release|Any CPU.Build.0 = Release|Any CPU
		{67568F19-6F5D-4E6D-B60F-0BCEF2CB4169}.Release|x64.ActiveCfg = Release|Any CPU
		{67568F19-6F5D-4E6D-B60F-0BCEF2CB4169}.Release|x64.Build.0 = Release|Any CPU
		{67568F19-6F5D-4E6D-B60F-0BCEF2CB4169}.Release|x86.ActiveCfg = Release|Any CPU
		{67568F19-6F5D-4E6D-B60F-0BCEF2CB4169}.Release|x86.Build.0 = Release|Any CPU
		{04ED9890-95A7-4300-95EE-E39506C2EE7C}.Debug|Any CPU.ActiveCfg = Debug|Any CPU
		{04ED9890-95A7-4300-95EE-E39506C2EE7C}.Debug|Any CPU.Build.0 = Debug|Any CPU
		{04ED9890-95A7-4300-95EE-E39506C2EE7C}.Debug|x64.ActiveCfg = Debug|Any CPU
		{04ED9890-95A7-4300-95EE-E39506C2EE7C}.Debug|x64.Build.0 = Debug|Any CPU
		{04ED9890-95A7-4300-95EE-E39506C2EE7C}.Debug|x86.ActiveCfg = Debug|Any CPU
		{04ED9890-95A7-4300-95EE-E39506C2EE7C}.Debug|x86.Build.0 = Debug|Any CPU
		{04ED9890-95A7-4300-95EE-E39506C2EE7C}.Release|Any CPU.ActiveCfg = Release|Any CPU
		{04ED9890-95A7-4300-95EE-E39506C2EE7C}.Release|Any CPU.Build.0 = Release|Any CPU
		{04ED9890-95A7-4300-95EE-E39506C2EE7C}.Release|x64.ActiveCfg = Release|Any CPU
		{04ED9890-95A7-4300-95EE-E39506C2EE7C}.Release|x64.Build.0 = Release|Any CPU
		{04ED9890-95A7-4300-95EE-E39506C2EE7C}.Release|x86.ActiveCfg = Release|Any CPU
		{04ED9890-95A7-4300-95EE-E39506C2EE7C}.Release|x86.Build.0 = Release|Any CPU
		{425A7B16-8091-455A-8C1E-2F27D22A9004}.Debug|Any CPU.ActiveCfg = Debug|Any CPU
		{425A7B16-8091-455A-8C1E-2F27D22A9004}.Debug|Any CPU.Build.0 = Debug|Any CPU
		{425A7B16-8091-455A-8C1E-2F27D22A9004}.Debug|x64.ActiveCfg = Debug|Any CPU
		{425A7B16-8091-455A-8C1E-2F27D22A9004}.Debug|x64.Build.0 = Debug|Any CPU
		{425A7B16-8091-455A-8C1E-2F27D22A9004}.Debug|x86.ActiveCfg = Debug|Any CPU
		{425A7B16-8091-455A-8C1E-2F27D22A9004}.Debug|x86.Build.0 = Debug|Any CPU
		{425A7B16-8091-455A-8C1E-2F27D22A9004}.Release|Any CPU.ActiveCfg = Release|Any CPU
		{425A7B16-8091-455A-8C1E-2F27D22A9004}.Release|Any CPU.Build.0 = Release|Any CPU
		{425A7B16-8091-455A-8C1E-2F27D22A9004}.Release|x64.ActiveCfg = Release|Any CPU
		{425A7B16-8091-455A-8C1E-2F27D22A9004}.Release|x64.Build.0 = Release|Any CPU
		{425A7B16-8091-455A-8C1E-2F27D22A9004}.Release|x86.ActiveCfg = Release|Any CPU
		{425A7B16-8091-455A-8C1E-2F27D22A9004}.Release|x86.Build.0 = Release|Any CPU
		{407B0001-1BEB-4F1E-981D-C1FFBA1C2818}.Debug|Any CPU.ActiveCfg = Debug|Any CPU
		{407B0001-1BEB-4F1E-981D-C1FFBA1C2818}.Debug|Any CPU.Build.0 = Debug|Any CPU
		{407B0001-1BEB-4F1E-981D-C1FFBA1C2818}.Debug|x64.ActiveCfg = Debug|Any CPU
		{407B0001-1BEB-4F1E-981D-C1FFBA1C2818}.Debug|x64.Build.0 = Debug|Any CPU
		{407B0001-1BEB-4F1E-981D-C1FFBA1C2818}.Debug|x86.ActiveCfg = Debug|Any CPU
		{407B0001-1BEB-4F1E-981D-C1FFBA1C2818}.Debug|x86.Build.0 = Debug|Any CPU
		{407B0001-1BEB-4F1E-981D-C1FFBA1C2818}.Release|Any CPU.ActiveCfg = Release|Any CPU
		{407B0001-1BEB-4F1E-981D-C1FFBA1C2818}.Release|Any CPU.Build.0 = Release|Any CPU
		{407B0001-1BEB-4F1E-981D-C1FFBA1C2818}.Release|x64.ActiveCfg = Release|Any CPU
		{407B0001-1BEB-4F1E-981D-C1FFBA1C2818}.Release|x64.Build.0 = Release|Any CPU
		{407B0001-1BEB-4F1E-981D-C1FFBA1C2818}.Release|x86.ActiveCfg = Release|Any CPU
		{407B0001-1BEB-4F1E-981D-C1FFBA1C2818}.Release|x86.Build.0 = Release|Any CPU
		{5024D4A2-704A-4576-BB72-7E3FF9B71E6E}.Debug|Any CPU.ActiveCfg = Debug|Any CPU
		{5024D4A2-704A-4576-BB72-7E3FF9B71E6E}.Debug|Any CPU.Build.0 = Debug|Any CPU
		{5024D4A2-704A-4576-BB72-7E3FF9B71E6E}.Debug|x64.ActiveCfg = Debug|Any CPU
		{5024D4A2-704A-4576-BB72-7E3FF9B71E6E}.Debug|x64.Build.0 = Debug|Any CPU
		{5024D4A2-704A-4576-BB72-7E3FF9B71E6E}.Debug|x86.ActiveCfg = Debug|Any CPU
		{5024D4A2-704A-4576-BB72-7E3FF9B71E6E}.Debug|x86.Build.0 = Debug|Any CPU
		{5024D4A2-704A-4576-BB72-7E3FF9B71E6E}.Release|Any CPU.ActiveCfg = Release|Any CPU
		{5024D4A2-704A-4576-BB72-7E3FF9B71E6E}.Release|Any CPU.Build.0 = Release|Any CPU
		{5024D4A2-704A-4576-BB72-7E3FF9B71E6E}.Release|x64.ActiveCfg = Release|Any CPU
		{5024D4A2-704A-4576-BB72-7E3FF9B71E6E}.Release|x64.Build.0 = Release|Any CPU
		{5024D4A2-704A-4576-BB72-7E3FF9B71E6E}.Release|x86.ActiveCfg = Release|Any CPU
		{5024D4A2-704A-4576-BB72-7E3FF9B71E6E}.Release|x86.Build.0 = Release|Any CPU
		{1D5BE5FB-95A4-4B8D-B8C3-B52A4D8C6417}.Debug|Any CPU.ActiveCfg = Debug|Any CPU
		{1D5BE5FB-95A4-4B8D-B8C3-B52A4D8C6417}.Debug|Any CPU.Build.0 = Debug|Any CPU
		{1D5BE5FB-95A4-4B8D-B8C3-B52A4D8C6417}.Debug|x64.ActiveCfg = Debug|Any CPU
		{1D5BE5FB-95A4-4B8D-B8C3-B52A4D8C6417}.Debug|x64.Build.0 = Debug|Any CPU
		{1D5BE5FB-95A4-4B8D-B8C3-B52A4D8C6417}.Debug|x86.ActiveCfg = Debug|Any CPU
		{1D5BE5FB-95A4-4B8D-B8C3-B52A4D8C6417}.Debug|x86.Build.0 = Debug|Any CPU
		{1D5BE5FB-95A4-4B8D-B8C3-B52A4D8C6417}.Release|Any CPU.ActiveCfg = Release|Any CPU
		{1D5BE5FB-95A4-4B8D-B8C3-B52A4D8C6417}.Release|Any CPU.Build.0 = Release|Any CPU
		{1D5BE5FB-95A4-4B8D-B8C3-B52A4D8C6417}.Release|x64.ActiveCfg = Release|Any CPU
		{1D5BE5FB-95A4-4B8D-B8C3-B52A4D8C6417}.Release|x64.Build.0 = Release|Any CPU
		{1D5BE5FB-95A4-4B8D-B8C3-B52A4D8C6417}.Release|x86.ActiveCfg = Release|Any CPU
		{1D5BE5FB-95A4-4B8D-B8C3-B52A4D8C6417}.Release|x86.Build.0 = Release|Any CPU
		{D29BE1AA-006E-4517-ABFF-BDDF1014EA04}.Debug|Any CPU.ActiveCfg = Debug|Any CPU
		{D29BE1AA-006E-4517-ABFF-BDDF1014EA04}.Debug|Any CPU.Build.0 = Debug|Any CPU
		{D29BE1AA-006E-4517-ABFF-BDDF1014EA04}.Debug|x64.ActiveCfg = Debug|Any CPU
		{D29BE1AA-006E-4517-ABFF-BDDF1014EA04}.Debug|x64.Build.0 = Debug|Any CPU
		{D29BE1AA-006E-4517-ABFF-BDDF1014EA04}.Debug|x86.ActiveCfg = Debug|Any CPU
		{D29BE1AA-006E-4517-ABFF-BDDF1014EA04}.Debug|x86.Build.0 = Debug|Any CPU
		{D29BE1AA-006E-4517-ABFF-BDDF1014EA04}.Release|Any CPU.ActiveCfg = Release|Any CPU
		{D29BE1AA-006E-4517-ABFF-BDDF1014EA04}.Release|Any CPU.Build.0 = Release|Any CPU
		{D29BE1AA-006E-4517-ABFF-BDDF1014EA04}.Release|x64.ActiveCfg = Release|Any CPU
		{D29BE1AA-006E-4517-ABFF-BDDF1014EA04}.Release|x64.Build.0 = Release|Any CPU
		{D29BE1AA-006E-4517-ABFF-BDDF1014EA04}.Release|x86.ActiveCfg = Release|Any CPU
		{D29BE1AA-006E-4517-ABFF-BDDF1014EA04}.Release|x86.Build.0 = Release|Any CPU
		{4A66F6CB-DF56-4C2F-9072-E4D4677AC31A}.Debug|Any CPU.ActiveCfg = Debug|Any CPU
		{4A66F6CB-DF56-4C2F-9072-E4D4677AC31A}.Debug|Any CPU.Build.0 = Debug|Any CPU
		{4A66F6CB-DF56-4C2F-9072-E4D4677AC31A}.Debug|x64.ActiveCfg = Debug|Any CPU
		{4A66F6CB-DF56-4C2F-9072-E4D4677AC31A}.Debug|x64.Build.0 = Debug|Any CPU
		{4A66F6CB-DF56-4C2F-9072-E4D4677AC31A}.Debug|x86.ActiveCfg = Debug|Any CPU
		{4A66F6CB-DF56-4C2F-9072-E4D4677AC31A}.Debug|x86.Build.0 = Debug|Any CPU
		{4A66F6CB-DF56-4C2F-9072-E4D4677AC31A}.Release|Any CPU.ActiveCfg = Release|Any CPU
		{4A66F6CB-DF56-4C2F-9072-E4D4677AC31A}.Release|Any CPU.Build.0 = Release|Any CPU
		{4A66F6CB-DF56-4C2F-9072-E4D4677AC31A}.Release|x64.ActiveCfg = Release|Any CPU
		{4A66F6CB-DF56-4C2F-9072-E4D4677AC31A}.Release|x64.Build.0 = Release|Any CPU
		{4A66F6CB-DF56-4C2F-9072-E4D4677AC31A}.Release|x86.ActiveCfg = Release|Any CPU
		{4A66F6CB-DF56-4C2F-9072-E4D4677AC31A}.Release|x86.Build.0 = Release|Any CPU
		{C1E05A2A-A3D8-434C-94C0-485B46BF586A}.Debug|Any CPU.ActiveCfg = Debug|Any CPU
		{C1E05A2A-A3D8-434C-94C0-485B46BF586A}.Debug|Any CPU.Build.0 = Debug|Any CPU
		{C1E05A2A-A3D8-434C-94C0-485B46BF586A}.Debug|x64.ActiveCfg = Debug|Any CPU
		{C1E05A2A-A3D8-434C-94C0-485B46BF586A}.Debug|x64.Build.0 = Debug|Any CPU
		{C1E05A2A-A3D8-434C-94C0-485B46BF586A}.Debug|x86.ActiveCfg = Debug|Any CPU
		{C1E05A2A-A3D8-434C-94C0-485B46BF586A}.Debug|x86.Build.0 = Debug|Any CPU
		{C1E05A2A-A3D8-434C-94C0-485B46BF586A}.Release|Any CPU.ActiveCfg = Release|Any CPU
		{C1E05A2A-A3D8-434C-94C0-485B46BF586A}.Release|Any CPU.Build.0 = Release|Any CPU
		{C1E05A2A-A3D8-434C-94C0-485B46BF586A}.Release|x64.ActiveCfg = Release|Any CPU
		{C1E05A2A-A3D8-434C-94C0-485B46BF586A}.Release|x64.Build.0 = Release|Any CPU
		{C1E05A2A-A3D8-434C-94C0-485B46BF586A}.Release|x86.ActiveCfg = Release|Any CPU
		{C1E05A2A-A3D8-434C-94C0-485B46BF586A}.Release|x86.Build.0 = Release|Any CPU
		{5A15A544-F53B-39E3-7435-80F583098355}.Debug|Any CPU.ActiveCfg = Debug|Any CPU
		{5A15A544-F53B-39E3-7435-80F583098355}.Debug|Any CPU.Build.0 = Debug|Any CPU
		{5A15A544-F53B-39E3-7435-80F583098355}.Debug|x64.ActiveCfg = Debug|Any CPU
		{5A15A544-F53B-39E3-7435-80F583098355}.Debug|x64.Build.0 = Debug|Any CPU
		{5A15A544-F53B-39E3-7435-80F583098355}.Debug|x86.ActiveCfg = Debug|Any CPU
		{5A15A544-F53B-39E3-7435-80F583098355}.Debug|x86.Build.0 = Debug|Any CPU
		{5A15A544-F53B-39E3-7435-80F583098355}.Release|Any CPU.ActiveCfg = Release|Any CPU
		{5A15A544-F53B-39E3-7435-80F583098355}.Release|Any CPU.Build.0 = Release|Any CPU
		{5A15A544-F53B-39E3-7435-80F583098355}.Release|x64.ActiveCfg = Release|Any CPU
		{5A15A544-F53B-39E3-7435-80F583098355}.Release|x64.Build.0 = Release|Any CPU
		{5A15A544-F53B-39E3-7435-80F583098355}.Release|x86.ActiveCfg = Release|Any CPU
		{5A15A544-F53B-39E3-7435-80F583098355}.Release|x86.Build.0 = Release|Any CPU
		{B4C57A8B-BE21-4D68-BC6A-7576B44546A0}.Debug|Any CPU.ActiveCfg = Debug|Any CPU
		{B4C57A8B-BE21-4D68-BC6A-7576B44546A0}.Debug|Any CPU.Build.0 = Debug|Any CPU
		{B4C57A8B-BE21-4D68-BC6A-7576B44546A0}.Debug|x64.ActiveCfg = Debug|Any CPU
		{B4C57A8B-BE21-4D68-BC6A-7576B44546A0}.Debug|x64.Build.0 = Debug|Any CPU
		{B4C57A8B-BE21-4D68-BC6A-7576B44546A0}.Debug|x86.ActiveCfg = Debug|Any CPU
		{B4C57A8B-BE21-4D68-BC6A-7576B44546A0}.Debug|x86.Build.0 = Debug|Any CPU
		{B4C57A8B-BE21-4D68-BC6A-7576B44546A0}.Release|Any CPU.ActiveCfg = Release|Any CPU
		{B4C57A8B-BE21-4D68-BC6A-7576B44546A0}.Release|Any CPU.Build.0 = Release|Any CPU
		{B4C57A8B-BE21-4D68-BC6A-7576B44546A0}.Release|x64.ActiveCfg = Release|Any CPU
		{B4C57A8B-BE21-4D68-BC6A-7576B44546A0}.Release|x64.Build.0 = Release|Any CPU
		{B4C57A8B-BE21-4D68-BC6A-7576B44546A0}.Release|x86.ActiveCfg = Release|Any CPU
		{B4C57A8B-BE21-4D68-BC6A-7576B44546A0}.Release|x86.Build.0 = Release|Any CPU
		{41CEC392-3550-382A-2721-90F584131820}.Debug|Any CPU.ActiveCfg = Debug|Any CPU
		{41CEC392-3550-382A-2721-90F584131820}.Debug|Any CPU.Build.0 = Debug|Any CPU
		{41CEC392-3550-382A-2721-90F584131820}.Debug|x64.ActiveCfg = Debug|Any CPU
		{41CEC392-3550-382A-2721-90F584131820}.Debug|x64.Build.0 = Debug|Any CPU
		{41CEC392-3550-382A-2721-90F584131820}.Debug|x86.ActiveCfg = Debug|Any CPU
		{41CEC392-3550-382A-2721-90F584131820}.Debug|x86.Build.0 = Debug|Any CPU
		{41CEC392-3550-382A-2721-90F584131820}.Release|Any CPU.ActiveCfg = Release|Any CPU
		{41CEC392-3550-382A-2721-90F584131820}.Release|Any CPU.Build.0 = Release|Any CPU
		{41CEC392-3550-382A-2721-90F584131820}.Release|x64.ActiveCfg = Release|Any CPU
		{41CEC392-3550-382A-2721-90F584131820}.Release|x64.Build.0 = Release|Any CPU
		{41CEC392-3550-382A-2721-90F584131820}.Release|x86.ActiveCfg = Release|Any CPU
		{41CEC392-3550-382A-2721-90F584131820}.Release|x86.Build.0 = Release|Any CPU
		{5CF53D40-07D9-489D-837F-9D3D3C5A1A9D}.Debug|Any CPU.ActiveCfg = Debug|Any CPU
		{5CF53D40-07D9-489D-837F-9D3D3C5A1A9D}.Debug|Any CPU.Build.0 = Debug|Any CPU
		{5CF53D40-07D9-489D-837F-9D3D3C5A1A9D}.Debug|x64.ActiveCfg = Debug|Any CPU
		{5CF53D40-07D9-489D-837F-9D3D3C5A1A9D}.Debug|x64.Build.0 = Debug|Any CPU
		{5CF53D40-07D9-489D-837F-9D3D3C5A1A9D}.Debug|x86.ActiveCfg = Debug|Any CPU
		{5CF53D40-07D9-489D-837F-9D3D3C5A1A9D}.Debug|x86.Build.0 = Debug|Any CPU
		{5CF53D40-07D9-489D-837F-9D3D3C5A1A9D}.Release|Any CPU.ActiveCfg = Release|Any CPU
		{5CF53D40-07D9-489D-837F-9D3D3C5A1A9D}.Release|Any CPU.Build.0 = Release|Any CPU
		{5CF53D40-07D9-489D-837F-9D3D3C5A1A9D}.Release|x64.ActiveCfg = Release|Any CPU
		{5CF53D40-07D9-489D-837F-9D3D3C5A1A9D}.Release|x64.Build.0 = Release|Any CPU
		{5CF53D40-07D9-489D-837F-9D3D3C5A1A9D}.Release|x86.ActiveCfg = Release|Any CPU
		{5CF53D40-07D9-489D-837F-9D3D3C5A1A9D}.Release|x86.Build.0 = Release|Any CPU
	EndGlobalSection
	GlobalSection(SolutionProperties) = preSolution
		HideSolutionNode = FALSE
	EndGlobalSection
	GlobalSection(NestedProjects) = preSolution
		{9A595978-5945-4DA2-A1EC-DC960E5DC329} = {B39501A4-7185-4951-8218-4AAAB84C8C09}
		{04ED9890-95A7-4300-95EE-E39506C2EE7C} = {12288030-F57A-4F6C-A7F4-CD6126134C3E}
		{425A7B16-8091-455A-8C1E-2F27D22A9004} = {12288030-F57A-4F6C-A7F4-CD6126134C3E}
		{407B0001-1BEB-4F1E-981D-C1FFBA1C2818} = {12288030-F57A-4F6C-A7F4-CD6126134C3E}
		{1D5BE5FB-95A4-4B8D-B8C3-B52A4D8C6417} = {02EA681E-C7D8-13C7-8484-4AC65E1B71E8}
		{D29BE1AA-006E-4517-ABFF-BDDF1014EA04} = {02EA681E-C7D8-13C7-8484-4AC65E1B71E8}
		{4A66F6CB-DF56-4C2F-9072-E4D4677AC31A} = {5744E356-8F2C-4B70-A94E-CAFAA39D45DB}
		{C1E05A2A-A3D8-434C-94C0-485B46BF586A} = {5744E356-8F2C-4B70-A94E-CAFAA39D45DB}
		{5A15A544-F53B-39E3-7435-80F583098355} = {12288030-F57A-4F6C-A7F4-CD6126134C3E}
		{B4C57A8B-BE21-4D68-BC6A-7576B44546A0} = {87495A0B-08BE-4F0A-A4BC-2668B060E40E}
		{41CEC392-3550-382A-2721-90F584131820} = {12288030-F57A-4F6C-A7F4-CD6126134C3E}
		{5CF53D40-07D9-489D-837F-9D3D3C5A1A9D} = {F5901223-83FB-4379-B5EF-450B6F845743}
	EndGlobalSection
	GlobalSection(ExtensibilityGlobals) = postSolution
		SolutionGuid = {4A20D9D5-B268-4753-8057-813B6394829F}
	EndGlobalSection
EndGlobal
