
Microsoft Visual Studio Solution File, Format Version 12.00
# Visual Studio Version 17
VisualStudioVersion = 17.13.35931.197
MinimumVisualStudioVersion = 10.0.40219.1
Project("{2150E333-8FDC-42A3-9474-1A3956D46DE8}") = "Interception", "Interception", "{B39501A4-7185-4951-8218-4AAAB84C8C09}"
EndProject
Project("{2150E333-8FDC-42A3-9474-1A3956D46DE8}") = "Api", "Api", "{F5901223-83FB-4379-B5EF-450B6F845743}"
EndProject
Project("{FAE04EC0-301F-11D3-BF4B-00C04F79EFBC}") = "FluentCMS", "src\FluentCMS\FluentCMS.csproj", "{67568F19-6F5D-4E6D-B60F-0BCEF2CB4169}"
EndProject
Project("{2150E333-8FDC-42A3-9474-1A3956D46DE8}") = "Plugins", "Plugins", "{12288030-F57A-4F6C-A7F4-CD6126134C3E}"
EndProject
Project("{FAE04EC0-301F-11D3-BF4B-00C04F79EFBC}") = "FluentCMS.Plugins.AuditTrailManager", "src\Plugins\FluentCMS.Plugins.AuditTrailManager\FluentCMS.Plugins.AuditTrailManager.csproj", "{407B0001-1BEB-4F1E-981D-C1FFBA1C2818}"
EndProject
Project("{FAE04EC0-301F-11D3-BF4B-00C04F79EFBC}") = "FluentCMS.Shared", "src\FluentCMS.Shared\FluentCMS.Shared.csproj", "{5024D4A2-704A-4576-BB72-7E3FF9B71E6E}"
EndProject
Project("{2150E333-8FDC-42A3-9474-1A3956D46DE8}") = "Repositories", "Repositories", "{02EA681E-C7D8-13C7-8484-4AC65E1B71E8}"
EndProject
Project("{FAE04EC0-301F-11D3-BF4B-00C04F79EFBC}") = "FluentCMS.Repositories.Abstractions", "src\Repositories\FluentCMS.Repositories.Abstractions\FluentCMS.Repositories.Abstractions.csproj", "{1D5BE5FB-95A4-4B8D-B8C3-B52A4D8C6417}"
EndProject
Project("{FAE04EC0-301F-11D3-BF4B-00C04F79EFBC}") = "FluentCMS.Repositories.EntityFramework", "src\Repositories\FluentCMS.Repositories.EntityFramework\FluentCMS.Repositories.EntityFramework.csproj", "{D29BE1AA-006E-4517-ABFF-BDDF1014EA04}"
EndProject
Project("{FAE04EC0-301F-11D3-BF4B-00C04F79EFBC}") = "FluentCMS.TodoApi", "src\Plugins\FluentCMS.TodoApi\FluentCMS.TodoApi.csproj", "{5A15A544-F53B-39E3-7435-80F583098355}"
EndProject
Project("{FAE04EC0-301F-11D3-BF4B-00C04F79EFBC}") = "FluentCMS.Api", "src\Api\FluentCMS.Api\FluentCMS.Api.csproj", "{5CF53D40-07D9-489D-837F-9D3D3C5A1A9D}"
EndProject
Project("{FAE04EC0-301F-11D3-BF4B-00C04F79EFBC}") = "FluentCMS.Interception", "src\Interception\FluentCMS.Interception\FluentCMS.Interception.csproj", "{18FCC40E-B1C4-4711-AE0E-36ADD129E018}"
EndProject
Project("{FAE04EC0-301F-11D3-BF4B-00C04F79EFBC}") = "FluentCMS.Plugins.IdentityManager", "src\Plugins\FluentCMS.Plugins.IdentityManager\FluentCMS.Plugins.IdentityManager.csproj", "{523AF341-EB2A-45F0-8125-E67DB4756898}"
EndProject
Project("{FAE04EC0-301F-11D3-BF4B-00C04F79EFBC}") = "FluentCMS.Repositories.Tests", "src\Repositories\FluentCMS.Repositories.Tests\FluentCMS.Repositories.Tests.csproj", "{2268D881-07F4-38C9-F5BB-3C0FBD92B58E}"
EndProject
Project("{FAE04EC0-301F-11D3-BF4B-00C04F79EFBC}") = "FluentCMS.Repositories.Sqlite", "src\Repositories\FluentCMS.Repositories.SQLite\FluentCMS.Repositories.Sqlite.csproj", "{CC53EC57-1FCC-4B7A-AD5C-AC3FBFB25846}"
EndProject
Project("{FAE04EC0-301F-11D3-BF4B-00C04F79EFBC}") = "FluentCMS.Repositories.SqlServer", "src\Repositories\FluentCMS.Repositories.SqlServer\FluentCMS.Repositories.SqlServer.csproj", "{AD2F8236-BD16-45F3-A2B2-AAD261302DFF}"
EndProject
Project("{2150E333-8FDC-42A3-9474-1A3956D46DE8}") = "Providers", "Providers", "{F3363FFD-B74A-4F8B-BD27-534F838C0757}"
EndProject
Project("{2150E333-8FDC-42A3-9474-1A3956D46DE8}") = "Caching", "Caching", "{8433044C-DB3A-4704-8413-C541FBFEBD7E}"
EndProject
Project("{FAE04EC0-301F-11D3-BF4B-00C04F79EFBC}") = "FluentCMS.Providers.Caching.Abstractions", "src\Providers\Caching\FluentCMS.Providers.Caching.Abstractions\FluentCMS.Providers.Caching.Abstractions.csproj", "{7DEA6A62-1FFE-4E3A-B77D-FBA9DE4B1DCE}"
EndProject
Project("{FAE04EC0-301F-11D3-BF4B-00C04F79EFBC}") = "FluentCMS.Providers.Caching.InMemory", "src\Providers\Caching\FluentCMS.Providers.Caching.InMemory\FluentCMS.Providers.Caching.InMemory.csproj", "{3F82EBCB-F77D-4CCD-83D7-F11B241E9945}"
EndProject
Project("{2150E333-8FDC-42A3-9474-1A3956D46DE8}") = "EventBus", "EventBus", "{62D3CF14-00D5-404C-8354-1C6DFE94E947}"
EndProject
Project("{FAE04EC0-301F-11D3-BF4B-00C04F79EFBC}") = "FluentCMS.Providers.EventBus.Abstractions", "src\Providers\EventBus\FluentCMS.Providers.EventBus.Abstractions\FluentCMS.Providers.EventBus.Abstractions.csproj", "{F09D0A8A-61A5-4FCA-B49A-4B3B3DC00CC1}"
EndProject
Project("{FAE04EC0-301F-11D3-BF4B-00C04F79EFBC}") = "FluentCMS.Providers.EventBus.InMemory", "src\Providers\EventBus\FluentCMS.Providers.EventBus.InMemory\FluentCMS.Providers.EventBus.InMemory.csproj", "{5B268CBF-9775-432A-8DBF-C4FB81F4794D}"
EndProject
Project("{2150E333-8FDC-42A3-9474-1A3956D46DE8}") = "Plugins", "Plugins", "{00F968AC-75B2-4CE8-A35D-367B04FC01E2}"
EndProject
Project("{FAE04EC0-301F-11D3-BF4B-00C04F79EFBC}") = "FluentCMS.Providers.Plugins", "src\Providers\Plugins\FluentCMS.Providers.Plugins\FluentCMS.Providers.Plugins.csproj", "{A32ADB36-FC97-45D1-8409-72F77F8FD7DB}"
EndProject
Project("{FAE04EC0-301F-11D3-BF4B-00C04F79EFBC}") = "FluentCMS.Providers.Plugins.Abstractions", "src\Providers\Plugins\FluentCMS.Providers.Plugins.Abstractions\FluentCMS.Providers.Plugins.Abstractions.csproj", "{383BB8F3-768D-4D06-9F33-171A104364D4}"
EndProject
Project("{2150E333-8FDC-42A3-9474-1A3956D46DE8}") = "Configuration", "Configuration", "{E7ADB1F0-3535-4F72-BC02-554CACFACFFF}"
EndProject
Project("{FAE04EC0-301F-11D3-BF4B-00C04F79EFBC}") = "FluentCMS.Configuration.EntityFramework", "src\Configuration\FluentCMS.Configuration.EntityFramework\FluentCMS.Configuration.EntityFramework.csproj", "{04BB40CD-EB2B-4235-B314-8A0C9FD85FA6}"
EndProject
Global
	GlobalSection(SolutionConfigurationPlatforms) = preSolution
		Debug|Any CPU = Debug|Any CPU
		Debug|x64 = Debug|x64
		Debug|x86 = Debug|x86
		Release|Any CPU = Release|Any CPU
		Release|x64 = Release|x64
		Release|x86 = Release|x86
	EndGlobalSection
	GlobalSection(ProjectConfigurationPlatforms) = postSolution
		{67568F19-6F5D-4E6D-B60F-0BCEF2CB4169}.Debug|Any CPU.ActiveCfg = Debug|Any CPU
		{67568F19-6F5D-4E6D-B60F-0BCEF2CB4169}.Debug|Any CPU.Build.0 = Debug|Any CPU
		{67568F19-6F5D-4E6D-B60F-0BCEF2CB4169}.Debug|x64.ActiveCfg = Debug|Any CPU
		{67568F19-6F5D-4E6D-B60F-0BCEF2CB4169}.Debug|x64.Build.0 = Debug|Any CPU
		{67568F19-6F5D-4E6D-B60F-0BCEF2CB4169}.Debug|x86.ActiveCfg = Debug|Any CPU
		{67568F19-6F5D-4E6D-B60F-0BCEF2CB4169}.Debug|x86.Build.0 = Debug|Any CPU
		{67568F19-6F5D-4E6D-B60F-0BCEF2CB4169}.Release|Any CPU.ActiveCfg = Release|Any CPU
		{67568F19-6F5D-4E6D-B60F-0BCEF2CB4169}.Release|Any CPU.Build.0 = Release|Any CPU
		{67568F19-6F5D-4E6D-B60F-0BCEF2CB4169}.Release|x64.ActiveCfg = Release|Any CPU
		{67568F19-6F5D-4E6D-B60F-0BCEF2CB4169}.Release|x64.Build.0 = Release|Any CPU
		{67568F19-6F5D-4E6D-B60F-0BCEF2CB4169}.Release|x86.ActiveCfg = Release|Any CPU
		{67568F19-6F5D-4E6D-B60F-0BCEF2CB4169}.Release|x86.Build.0 = Release|Any CPU
		{407B0001-1BEB-4F1E-981D-C1FFBA1C2818}.Debug|Any CPU.ActiveCfg = Debug|Any CPU
		{407B0001-1BEB-4F1E-981D-C1FFBA1C2818}.Debug|Any CPU.Build.0 = Debug|Any CPU
		{407B0001-1BEB-4F1E-981D-C1FFBA1C2818}.Debug|x64.ActiveCfg = Debug|Any CPU
		{407B0001-1BEB-4F1E-981D-C1FFBA1C2818}.Debug|x64.Build.0 = Debug|Any CPU
		{407B0001-1BEB-4F1E-981D-C1FFBA1C2818}.Debug|x86.ActiveCfg = Debug|Any CPU
		{407B0001-1BEB-4F1E-981D-C1FFBA1C2818}.Debug|x86.Build.0 = Debug|Any CPU
		{407B0001-1BEB-4F1E-981D-C1FFBA1C2818}.Release|Any CPU.ActiveCfg = Release|Any CPU
		{407B0001-1BEB-4F1E-981D-C1FFBA1C2818}.Release|Any CPU.Build.0 = Release|Any CPU
		{407B0001-1BEB-4F1E-981D-C1FFBA1C2818}.Release|x64.ActiveCfg = Release|Any CPU
		{407B0001-1BEB-4F1E-981D-C1FFBA1C2818}.Release|x64.Build.0 = Release|Any CPU
		{407B0001-1BEB-4F1E-981D-C1FFBA1C2818}.Release|x86.ActiveCfg = Release|Any CPU
		{407B0001-1BEB-4F1E-981D-C1FFBA1C2818}.Release|x86.Build.0 = Release|Any CPU
		{5024D4A2-704A-4576-BB72-7E3FF9B71E6E}.Debug|Any CPU.ActiveCfg = Debug|Any CPU
		{5024D4A2-704A-4576-BB72-7E3FF9B71E6E}.Debug|Any CPU.Build.0 = Debug|Any CPU
		{5024D4A2-704A-4576-BB72-7E3FF9B71E6E}.Debug|x64.ActiveCfg = Debug|Any CPU
		{5024D4A2-704A-4576-BB72-7E3FF9B71E6E}.Debug|x64.Build.0 = Debug|Any CPU
		{5024D4A2-704A-4576-BB72-7E3FF9B71E6E}.Debug|x86.ActiveCfg = Debug|Any CPU
		{5024D4A2-704A-4576-BB72-7E3FF9B71E6E}.Debug|x86.Build.0 = Debug|Any CPU
		{5024D4A2-704A-4576-BB72-7E3FF9B71E6E}.Release|Any CPU.ActiveCfg = Release|Any CPU
		{5024D4A2-704A-4576-BB72-7E3FF9B71E6E}.Release|Any CPU.Build.0 = Release|Any CPU
		{5024D4A2-704A-4576-BB72-7E3FF9B71E6E}.Release|x64.ActiveCfg = Release|Any CPU
		{5024D4A2-704A-4576-BB72-7E3FF9B71E6E}.Release|x64.Build.0 = Release|Any CPU
		{5024D4A2-704A-4576-BB72-7E3FF9B71E6E}.Release|x86.ActiveCfg = Release|Any CPU
		{5024D4A2-704A-4576-BB72-7E3FF9B71E6E}.Release|x86.Build.0 = Release|Any CPU
		{1D5BE5FB-95A4-4B8D-B8C3-B52A4D8C6417}.Debug|Any CPU.ActiveCfg = Debug|Any CPU
		{1D5BE5FB-95A4-4B8D-B8C3-B52A4D8C6417}.Debug|Any CPU.Build.0 = Debug|Any CPU
		{1D5BE5FB-95A4-4B8D-B8C3-B52A4D8C6417}.Debug|x64.ActiveCfg = Debug|Any CPU
		{1D5BE5FB-95A4-4B8D-B8C3-B52A4D8C6417}.Debug|x64.Build.0 = Debug|Any CPU
		{1D5BE5FB-95A4-4B8D-B8C3-B52A4D8C6417}.Debug|x86.ActiveCfg = Debug|Any CPU
		{1D5BE5FB-95A4-4B8D-B8C3-B52A4D8C6417}.Debug|x86.Build.0 = Debug|Any CPU
		{1D5BE5FB-95A4-4B8D-B8C3-B52A4D8C6417}.Release|Any CPU.ActiveCfg = Release|Any CPU
		{1D5BE5FB-95A4-4B8D-B8C3-B52A4D8C6417}.Release|Any CPU.Build.0 = Release|Any CPU
		{1D5BE5FB-95A4-4B8D-B8C3-B52A4D8C6417}.Release|x64.ActiveCfg = Release|Any CPU
		{1D5BE5FB-95A4-4B8D-B8C3-B52A4D8C6417}.Release|x64.Build.0 = Release|Any CPU
		{1D5BE5FB-95A4-4B8D-B8C3-B52A4D8C6417}.Release|x86.ActiveCfg = Release|Any CPU
		{1D5BE5FB-95A4-4B8D-B8C3-B52A4D8C6417}.Release|x86.Build.0 = Release|Any CPU
		{D29BE1AA-006E-4517-ABFF-BDDF1014EA04}.Debug|Any CPU.ActiveCfg = Debug|Any CPU
		{D29BE1AA-006E-4517-ABFF-BDDF1014EA04}.Debug|Any CPU.Build.0 = Debug|Any CPU
		{D29BE1AA-006E-4517-ABFF-BDDF1014EA04}.Debug|x64.ActiveCfg = Debug|Any CPU
		{D29BE1AA-006E-4517-ABFF-BDDF1014EA04}.Debug|x64.Build.0 = Debug|Any CPU
		{D29BE1AA-006E-4517-ABFF-BDDF1014EA04}.Debug|x86.ActiveCfg = Debug|Any CPU
		{D29BE1AA-006E-4517-ABFF-BDDF1014EA04}.Debug|x86.Build.0 = Debug|Any CPU
		{D29BE1AA-006E-4517-ABFF-BDDF1014EA04}.Release|Any CPU.ActiveCfg = Release|Any CPU
		{D29BE1AA-006E-4517-ABFF-BDDF1014EA04}.Release|Any CPU.Build.0 = Release|Any CPU
		{D29BE1AA-006E-4517-ABFF-BDDF1014EA04}.Release|x64.ActiveCfg = Release|Any CPU
		{D29BE1AA-006E-4517-ABFF-BDDF1014EA04}.Release|x64.Build.0 = Release|Any CPU
		{D29BE1AA-006E-4517-ABFF-BDDF1014EA04}.Release|x86.ActiveCfg = Release|Any CPU
		{D29BE1AA-006E-4517-ABFF-BDDF1014EA04}.Release|x86.Build.0 = Release|Any CPU
		{5A15A544-F53B-39E3-7435-80F583098355}.Debug|Any CPU.ActiveCfg = Debug|Any CPU
		{5A15A544-F53B-39E3-7435-80F583098355}.Debug|Any CPU.Build.0 = Debug|Any CPU
		{5A15A544-F53B-39E3-7435-80F583098355}.Debug|x64.ActiveCfg = Debug|Any CPU
		{5A15A544-F53B-39E3-7435-80F583098355}.Debug|x64.Build.0 = Debug|Any CPU
		{5A15A544-F53B-39E3-7435-80F583098355}.Debug|x86.ActiveCfg = Debug|Any CPU
		{5A15A544-F53B-39E3-7435-80F583098355}.Debug|x86.Build.0 = Debug|Any CPU
		{5A15A544-F53B-39E3-7435-80F583098355}.Release|Any CPU.ActiveCfg = Release|Any CPU
		{5A15A544-F53B-39E3-7435-80F583098355}.Release|Any CPU.Build.0 = Release|Any CPU
		{5A15A544-F53B-39E3-7435-80F583098355}.Release|x64.ActiveCfg = Release|Any CPU
		{5A15A544-F53B-39E3-7435-80F583098355}.Release|x64.Build.0 = Release|Any CPU
		{5A15A544-F53B-39E3-7435-80F583098355}.Release|x86.ActiveCfg = Release|Any CPU
		{5A15A544-F53B-39E3-7435-80F583098355}.Release|x86.Build.0 = Release|Any CPU
		{5CF53D40-07D9-489D-837F-9D3D3C5A1A9D}.Debug|Any CPU.ActiveCfg = Debug|Any CPU
		{5CF53D40-07D9-489D-837F-9D3D3C5A1A9D}.Debug|Any CPU.Build.0 = Debug|Any CPU
		{5CF53D40-07D9-489D-837F-9D3D3C5A1A9D}.Debug|x64.ActiveCfg = Debug|Any CPU
		{5CF53D40-07D9-489D-837F-9D3D3C5A1A9D}.Debug|x64.Build.0 = Debug|Any CPU
		{5CF53D40-07D9-489D-837F-9D3D3C5A1A9D}.Debug|x86.ActiveCfg = Debug|Any CPU
		{5CF53D40-07D9-489D-837F-9D3D3C5A1A9D}.Debug|x86.Build.0 = Debug|Any CPU
		{5CF53D40-07D9-489D-837F-9D3D3C5A1A9D}.Release|Any CPU.ActiveCfg = Release|Any CPU
		{5CF53D40-07D9-489D-837F-9D3D3C5A1A9D}.Release|Any CPU.Build.0 = Release|Any CPU
		{5CF53D40-07D9-489D-837F-9D3D3C5A1A9D}.Release|x64.ActiveCfg = Release|Any CPU
		{5CF53D40-07D9-489D-837F-9D3D3C5A1A9D}.Release|x64.Build.0 = Release|Any CPU
		{5CF53D40-07D9-489D-837F-9D3D3C5A1A9D}.Release|x86.ActiveCfg = Release|Any CPU
		{5CF53D40-07D9-489D-837F-9D3D3C5A1A9D}.Release|x86.Build.0 = Release|Any CPU
		{18FCC40E-B1C4-4711-AE0E-36ADD129E018}.Debug|Any CPU.ActiveCfg = Debug|Any CPU
		{18FCC40E-B1C4-4711-AE0E-36ADD129E018}.Debug|Any CPU.Build.0 = Debug|Any CPU
		{18FCC40E-B1C4-4711-AE0E-36ADD129E018}.Debug|x64.ActiveCfg = Debug|Any CPU
		{18FCC40E-B1C4-4711-AE0E-36ADD129E018}.Debug|x64.Build.0 = Debug|Any CPU
		{18FCC40E-B1C4-4711-AE0E-36ADD129E018}.Debug|x86.ActiveCfg = Debug|Any CPU
		{18FCC40E-B1C4-4711-AE0E-36ADD129E018}.Debug|x86.Build.0 = Debug|Any CPU
		{18FCC40E-B1C4-4711-AE0E-36ADD129E018}.Release|Any CPU.ActiveCfg = Release|Any CPU
		{18FCC40E-B1C4-4711-AE0E-36ADD129E018}.Release|Any CPU.Build.0 = Release|Any CPU
		{18FCC40E-B1C4-4711-AE0E-36ADD129E018}.Release|x64.ActiveCfg = Release|Any CPU
		{18FCC40E-B1C4-4711-AE0E-36ADD129E018}.Release|x64.Build.0 = Release|Any CPU
		{18FCC40E-B1C4-4711-AE0E-36ADD129E018}.Release|x86.ActiveCfg = Release|Any CPU
		{18FCC40E-B1C4-4711-AE0E-36ADD129E018}.Release|x86.Build.0 = Release|Any CPU
		{523AF341-EB2A-45F0-8125-E67DB4756898}.Debug|Any CPU.ActiveCfg = Debug|Any CPU
		{523AF341-EB2A-45F0-8125-E67DB4756898}.Debug|Any CPU.Build.0 = Debug|Any CPU
		{523AF341-EB2A-45F0-8125-E67DB4756898}.Debug|x64.ActiveCfg = Debug|Any CPU
		{523AF341-EB2A-45F0-8125-E67DB4756898}.Debug|x64.Build.0 = Debug|Any CPU
		{523AF341-EB2A-45F0-8125-E67DB4756898}.Debug|x86.ActiveCfg = Debug|Any CPU
		{523AF341-EB2A-45F0-8125-E67DB4756898}.Debug|x86.Build.0 = Debug|Any CPU
		{523AF341-EB2A-45F0-8125-E67DB4756898}.Release|Any CPU.ActiveCfg = Release|Any CPU
		{523AF341-EB2A-45F0-8125-E67DB4756898}.Release|Any CPU.Build.0 = Release|Any CPU
		{523AF341-EB2A-45F0-8125-E67DB4756898}.Release|x64.ActiveCfg = Release|Any CPU
		{523AF341-EB2A-45F0-8125-E67DB4756898}.Release|x64.Build.0 = Release|Any CPU
		{523AF341-EB2A-45F0-8125-E67DB4756898}.Release|x86.ActiveCfg = Release|Any CPU
		{523AF341-EB2A-45F0-8125-E67DB4756898}.Release|x86.Build.0 = Release|Any CPU
		{2268D881-07F4-38C9-F5BB-3C0FBD92B58E}.Debug|Any CPU.ActiveCfg = Debug|Any CPU
		{2268D881-07F4-38C9-F5BB-3C0FBD92B58E}.Debug|Any CPU.Build.0 = Debug|Any CPU
		{2268D881-07F4-38C9-F5BB-3C0FBD92B58E}.Debug|x64.ActiveCfg = Debug|Any CPU
		{2268D881-07F4-38C9-F5BB-3C0FBD92B58E}.Debug|x64.Build.0 = Debug|Any CPU
		{2268D881-07F4-38C9-F5BB-3C0FBD92B58E}.Debug|x86.ActiveCfg = Debug|Any CPU
		{2268D881-07F4-38C9-F5BB-3C0FBD92B58E}.Debug|x86.Build.0 = Debug|Any CPU
		{2268D881-07F4-38C9-F5BB-3C0FBD92B58E}.Release|Any CPU.ActiveCfg = Release|Any CPU
		{2268D881-07F4-38C9-F5BB-3C0FBD92B58E}.Release|Any CPU.Build.0 = Release|Any CPU
		{2268D881-07F4-38C9-F5BB-3C0FBD92B58E}.Release|x64.ActiveCfg = Release|Any CPU
		{2268D881-07F4-38C9-F5BB-3C0FBD92B58E}.Release|x64.Build.0 = Release|Any CPU
		{2268D881-07F4-38C9-F5BB-3C0FBD92B58E}.Release|x86.ActiveCfg = Release|Any CPU
		{2268D881-07F4-38C9-F5BB-3C0FBD92B58E}.Release|x86.Build.0 = Release|Any CPU
		{CC53EC57-1FCC-4B7A-AD5C-AC3FBFB25846}.Debug|Any CPU.ActiveCfg = Debug|Any CPU
		{CC53EC57-1FCC-4B7A-AD5C-AC3FBFB25846}.Debug|Any CPU.Build.0 = Debug|Any CPU
		{CC53EC57-1FCC-4B7A-AD5C-AC3FBFB25846}.Debug|x64.ActiveCfg = Debug|Any CPU
		{CC53EC57-1FCC-4B7A-AD5C-AC3FBFB25846}.Debug|x64.Build.0 = Debug|Any CPU
		{CC53EC57-1FCC-4B7A-AD5C-AC3FBFB25846}.Debug|x86.ActiveCfg = Debug|Any CPU
		{CC53EC57-1FCC-4B7A-AD5C-AC3FBFB25846}.Debug|x86.Build.0 = Debug|Any CPU
		{CC53EC57-1FCC-4B7A-AD5C-AC3FBFB25846}.Release|Any CPU.ActiveCfg = Release|Any CPU
		{CC53EC57-1FCC-4B7A-AD5C-AC3FBFB25846}.Release|Any CPU.Build.0 = Release|Any CPU
		{CC53EC57-1FCC-4B7A-AD5C-AC3FBFB25846}.Release|x64.ActiveCfg = Release|Any CPU
		{CC53EC57-1FCC-4B7A-AD5C-AC3FBFB25846}.Release|x64.Build.0 = Release|Any CPU
		{CC53EC57-1FCC-4B7A-AD5C-AC3FBFB25846}.Release|x86.ActiveCfg = Release|Any CPU
		{CC53EC57-1FCC-4B7A-AD5C-AC3FBFB25846}.Release|x86.Build.0 = Release|Any CPU
		{AD2F8236-BD16-45F3-A2B2-AAD261302DFF}.Debug|Any CPU.ActiveCfg = Debug|Any CPU
		{AD2F8236-BD16-45F3-A2B2-AAD261302DFF}.Debug|Any CPU.Build.0 = Debug|Any CPU
		{AD2F8236-BD16-45F3-A2B2-AAD261302DFF}.Debug|x64.ActiveCfg = Debug|Any CPU
		{AD2F8236-BD16-45F3-A2B2-AAD261302DFF}.Debug|x64.Build.0 = Debug|Any CPU
		{AD2F8236-BD16-45F3-A2B2-AAD261302DFF}.Debug|x86.ActiveCfg = Debug|Any CPU
		{AD2F8236-BD16-45F3-A2B2-AAD261302DFF}.Debug|x86.Build.0 = Debug|Any CPU
		{AD2F8236-BD16-45F3-A2B2-AAD261302DFF}.Release|Any CPU.ActiveCfg = Release|Any CPU
		{AD2F8236-BD16-45F3-A2B2-AAD261302DFF}.Release|Any CPU.Build.0 = Release|Any CPU
		{AD2F8236-BD16-45F3-A2B2-AAD261302DFF}.Release|x64.ActiveCfg = Release|Any CPU
		{AD2F8236-BD16-45F3-A2B2-AAD261302DFF}.Release|x64.Build.0 = Release|Any CPU
		{AD2F8236-BD16-45F3-A2B2-AAD261302DFF}.Release|x86.ActiveCfg = Release|Any CPU
		{AD2F8236-BD16-45F3-A2B2-AAD261302DFF}.Release|x86.Build.0 = Release|Any CPU
		{7DEA6A62-1FFE-4E3A-B77D-FBA9DE4B1DCE}.Debug|Any CPU.ActiveCfg = Debug|Any CPU
		{7DEA6A62-1FFE-4E3A-B77D-FBA9DE4B1DCE}.Debug|Any CPU.Build.0 = Debug|Any CPU
		{7DEA6A62-1FFE-4E3A-B77D-FBA9DE4B1DCE}.Debug|x64.ActiveCfg = Debug|Any CPU
		{7DEA6A62-1FFE-4E3A-B77D-FBA9DE4B1DCE}.Debug|x64.Build.0 = Debug|Any CPU
		{7DEA6A62-1FFE-4E3A-B77D-FBA9DE4B1DCE}.Debug|x86.ActiveCfg = Debug|Any CPU
		{7DEA6A62-1FFE-4E3A-B77D-FBA9DE4B1DCE}.Debug|x86.Build.0 = Debug|Any CPU
		{7DEA6A62-1FFE-4E3A-B77D-FBA9DE4B1DCE}.Release|Any CPU.ActiveCfg = Release|Any CPU
		{7DEA6A62-1FFE-4E3A-B77D-FBA9DE4B1DCE}.Release|Any CPU.Build.0 = Release|Any CPU
		{7DEA6A62-1FFE-4E3A-B77D-FBA9DE4B1DCE}.Release|x64.ActiveCfg = Release|Any CPU
		{7DEA6A62-1FFE-4E3A-B77D-FBA9DE4B1DCE}.Release|x64.Build.0 = Release|Any CPU
		{7DEA6A62-1FFE-4E3A-B77D-FBA9DE4B1DCE}.Release|x86.ActiveCfg = Release|Any CPU
		{7DEA6A62-1FFE-4E3A-B77D-FBA9DE4B1DCE}.Release|x86.Build.0 = Release|Any CPU
		{3F82EBCB-F77D-4CCD-83D7-F11B241E9945}.Debug|Any CPU.ActiveCfg = Debug|Any CPU
		{3F82EBCB-F77D-4CCD-83D7-F11B241E9945}.Debug|Any CPU.Build.0 = Debug|Any CPU
		{3F82EBCB-F77D-4CCD-83D7-F11B241E9945}.Debug|x64.ActiveCfg = Debug|Any CPU
		{3F82EBCB-F77D-4CCD-83D7-F11B241E9945}.Debug|x64.Build.0 = Debug|Any CPU
		{3F82EBCB-F77D-4CCD-83D7-F11B241E9945}.Debug|x86.ActiveCfg = Debug|Any CPU
		{3F82EBCB-F77D-4CCD-83D7-F11B241E9945}.Debug|x86.Build.0 = Debug|Any CPU
		{3F82EBCB-F77D-4CCD-83D7-F11B241E9945}.Release|Any CPU.ActiveCfg = Release|Any CPU
		{3F82EBCB-F77D-4CCD-83D7-F11B241E9945}.Release|Any CPU.Build.0 = Release|Any CPU
		{3F82EBCB-F77D-4CCD-83D7-F11B241E9945}.Release|x64.ActiveCfg = Release|Any CPU
		{3F82EBCB-F77D-4CCD-83D7-F11B241E9945}.Release|x64.Build.0 = Release|Any CPU
		{3F82EBCB-F77D-4CCD-83D7-F11B241E9945}.Release|x86.ActiveCfg = Release|Any CPU
		{3F82EBCB-F77D-4CCD-83D7-F11B241E9945}.Release|x86.Build.0 = Release|Any CPU
		{F09D0A8A-61A5-4FCA-B49A-4B3B3DC00CC1}.Debug|Any CPU.ActiveCfg = Debug|Any CPU
		{F09D0A8A-61A5-4FCA-B49A-4B3B3DC00CC1}.Debug|Any CPU.Build.0 = Debug|Any CPU
		{F09D0A8A-61A5-4FCA-B49A-4B3B3DC00CC1}.Debug|x64.ActiveCfg = Debug|Any CPU
		{F09D0A8A-61A5-4FCA-B49A-4B3B3DC00CC1}.Debug|x64.Build.0 = Debug|Any CPU
		{F09D0A8A-61A5-4FCA-B49A-4B3B3DC00CC1}.Debug|x86.ActiveCfg = Debug|Any CPU
		{F09D0A8A-61A5-4FCA-B49A-4B3B3DC00CC1}.Debug|x86.Build.0 = Debug|Any CPU
		{F09D0A8A-61A5-4FCA-B49A-4B3B3DC00CC1}.Release|Any CPU.ActiveCfg = Release|Any CPU
		{F09D0A8A-61A5-4FCA-B49A-4B3B3DC00CC1}.Release|Any CPU.Build.0 = Release|Any CPU
		{F09D0A8A-61A5-4FCA-B49A-4B3B3DC00CC1}.Release|x64.ActiveCfg = Release|Any CPU
		{F09D0A8A-61A5-4FCA-B49A-4B3B3DC00CC1}.Release|x64.Build.0 = Release|Any CPU
		{F09D0A8A-61A5-4FCA-B49A-4B3B3DC00CC1}.Release|x86.ActiveCfg = Release|Any CPU
		{F09D0A8A-61A5-4FCA-B49A-4B3B3DC00CC1}.Release|x86.Build.0 = Release|Any CPU
		{5B268CBF-9775-432A-8DBF-C4FB81F4794D}.Debug|Any CPU.ActiveCfg = Debug|Any CPU
		{5B268CBF-9775-432A-8DBF-C4FB81F4794D}.Debug|Any CPU.Build.0 = Debug|Any CPU
		{5B268CBF-9775-432A-8DBF-C4FB81F4794D}.Debug|x64.ActiveCfg = Debug|Any CPU
		{5B268CBF-9775-432A-8DBF-C4FB81F4794D}.Debug|x64.Build.0 = Debug|Any CPU
		{5B268CBF-9775-432A-8DBF-C4FB81F4794D}.Debug|x86.ActiveCfg = Debug|Any CPU
		{5B268CBF-9775-432A-8DBF-C4FB81F4794D}.Debug|x86.Build.0 = Debug|Any CPU
		{5B268CBF-9775-432A-8DBF-C4FB81F4794D}.Release|Any CPU.ActiveCfg = Release|Any CPU
		{5B268CBF-9775-432A-8DBF-C4FB81F4794D}.Release|Any CPU.Build.0 = Release|Any CPU
		{5B268CBF-9775-432A-8DBF-C4FB81F4794D}.Release|x64.ActiveCfg = Release|Any CPU
		{5B268CBF-9775-432A-8DBF-C4FB81F4794D}.Release|x64.Build.0 = Release|Any CPU
		{5B268CBF-9775-432A-8DBF-C4FB81F4794D}.Release|x86.ActiveCfg = Release|Any CPU
		{5B268CBF-9775-432A-8DBF-C4FB81F4794D}.Release|x86.Build.0 = Release|Any CPU
		{A32ADB36-FC97-45D1-8409-72F77F8FD7DB}.Debug|Any CPU.ActiveCfg = Debug|Any CPU
		{A32ADB36-FC97-45D1-8409-72F77F8FD7DB}.Debug|Any CPU.Build.0 = Debug|Any CPU
		{A32ADB36-FC97-45D1-8409-72F77F8FD7DB}.Debug|x64.ActiveCfg = Debug|Any CPU
		{A32ADB36-FC97-45D1-8409-72F77F8FD7DB}.Debug|x64.Build.0 = Debug|Any CPU
		{A32ADB36-FC97-45D1-8409-72F77F8FD7DB}.Debug|x86.ActiveCfg = Debug|Any CPU
		{A32ADB36-FC97-45D1-8409-72F77F8FD7DB}.Debug|x86.Build.0 = Debug|Any CPU
		{A32ADB36-FC97-45D1-8409-72F77F8FD7DB}.Release|Any CPU.ActiveCfg = Release|Any CPU
		{A32ADB36-FC97-45D1-8409-72F77F8FD7DB}.Release|Any CPU.Build.0 = Release|Any CPU
		{A32ADB36-FC97-45D1-8409-72F77F8FD7DB}.Release|x64.ActiveCfg = Release|Any CPU
		{A32ADB36-FC97-45D1-8409-72F77F8FD7DB}.Release|x64.Build.0 = Release|Any CPU
		{A32ADB36-FC97-45D1-8409-72F77F8FD7DB}.Release|x86.ActiveCfg = Release|Any CPU
		{A32ADB36-FC97-45D1-8409-72F77F8FD7DB}.Release|x86.Build.0 = Release|Any CPU
		{383BB8F3-768D-4D06-9F33-171A104364D4}.Debug|Any CPU.ActiveCfg = Debug|Any CPU
		{383BB8F3-768D-4D06-9F33-171A104364D4}.Debug|Any CPU.Build.0 = Debug|Any CPU
		{383BB8F3-768D-4D06-9F33-171A104364D4}.Debug|x64.ActiveCfg = Debug|Any CPU
		{383BB8F3-768D-4D06-9F33-171A104364D4}.Debug|x64.Build.0 = Debug|Any CPU
		{383BB8F3-768D-4D06-9F33-171A104364D4}.Debug|x86.ActiveCfg = Debug|Any CPU
		{383BB8F3-768D-4D06-9F33-171A104364D4}.Debug|x86.Build.0 = Debug|Any CPU
		{383BB8F3-768D-4D06-9F33-171A104364D4}.Release|Any CPU.ActiveCfg = Release|Any CPU
		{383BB8F3-768D-4D06-9F33-171A104364D4}.Release|Any CPU.Build.0 = Release|Any CPU
		{383BB8F3-768D-4D06-9F33-171A104364D4}.Release|x64.ActiveCfg = Release|Any CPU
		{383BB8F3-768D-4D06-9F33-171A104364D4}.Release|x64.Build.0 = Release|Any CPU
		{383BB8F3-768D-4D06-9F33-171A104364D4}.Release|x86.ActiveCfg = Release|Any CPU
		{383BB8F3-768D-4D06-9F33-171A104364D4}.Release|x86.Build.0 = Release|Any CPU
		{04BB40CD-EB2B-4235-B314-8A0C9FD85FA6}.Debug|Any CPU.ActiveCfg = Debug|Any CPU
		{04BB40CD-EB2B-4235-B314-8A0C9FD85FA6}.Debug|Any CPU.Build.0 = Debug|Any CPU
		{04BB40CD-EB2B-4235-B314-8A0C9FD85FA6}.Debug|x64.ActiveCfg = Debug|Any CPU
		{04BB40CD-EB2B-4235-B314-8A0C9FD85FA6}.Debug|x64.Build.0 = Debug|Any CPU
		{04BB40CD-EB2B-4235-B314-8A0C9FD85FA6}.Debug|x86.ActiveCfg = Debug|Any CPU
		{04BB40CD-EB2B-4235-B314-8A0C9FD85FA6}.Debug|x86.Build.0 = Debug|Any CPU
		{04BB40CD-EB2B-4235-B314-8A0C9FD85FA6}.Release|Any CPU.ActiveCfg = Release|Any CPU
		{04BB40CD-EB2B-4235-B314-8A0C9FD85FA6}.Release|Any CPU.Build.0 = Release|Any CPU
		{04BB40CD-EB2B-4235-B314-8A0C9FD85FA6}.Release|x64.ActiveCfg = Release|Any CPU
		{04BB40CD-EB2B-4235-B314-8A0C9FD85FA6}.Release|x64.Build.0 = Release|Any CPU
		{04BB40CD-EB2B-4235-B314-8A0C9FD85FA6}.Release|x86.ActiveCfg = Release|Any CPU
		{04BB40CD-EB2B-4235-B314-8A0C9FD85FA6}.Release|x86.Build.0 = Release|Any CPU
	EndGlobalSection
	GlobalSection(SolutionProperties) = preSolution
		HideSolutionNode = FALSE
	EndGlobalSection
	GlobalSection(NestedProjects) = preSolution
		{407B0001-1BEB-4F1E-981D-C1FFBA1C2818} = {12288030-F57A-4F6C-A7F4-CD6126134C3E}
		{1D5BE5FB-95A4-4B8D-B8C3-B52A4D8C6417} = {02EA681E-C7D8-13C7-8484-4AC65E1B71E8}
		{D29BE1AA-006E-4517-ABFF-BDDF1014EA04} = {02EA681E-C7D8-13C7-8484-4AC65E1B71E8}
		{5A15A544-F53B-39E3-7435-80F583098355} = {12288030-F57A-4F6C-A7F4-CD6126134C3E}
		{5CF53D40-07D9-489D-837F-9D3D3C5A1A9D} = {F5901223-83FB-4379-B5EF-450B6F845743}
		{18FCC40E-B1C4-4711-AE0E-36ADD129E018} = {B39501A4-7185-4951-8218-4AAAB84C8C09}
		{523AF341-EB2A-45F0-8125-E67DB4756898} = {12288030-F57A-4F6C-A7F4-CD6126134C3E}
		{2268D881-07F4-38C9-F5BB-3C0FBD92B58E} = {02EA681E-C7D8-13C7-8484-4AC65E1B71E8}
		{CC53EC57-1FCC-4B7A-AD5C-AC3FBFB25846} = {02EA681E-C7D8-13C7-8484-4AC65E1B71E8}
		{AD2F8236-BD16-45F3-A2B2-AAD261302DFF} = {02EA681E-C7D8-13C7-8484-4AC65E1B71E8}
		{8433044C-DB3A-4704-8413-C541FBFEBD7E} = {F3363FFD-B74A-4F8B-BD27-534F838C0757}
		{7DEA6A62-1FFE-4E3A-B77D-FBA9DE4B1DCE} = {8433044C-DB3A-4704-8413-C541FBFEBD7E}
		{3F82EBCB-F77D-4CCD-83D7-F11B241E9945} = {8433044C-DB3A-4704-8413-C541FBFEBD7E}
		{62D3CF14-00D5-404C-8354-1C6DFE94E947} = {F3363FFD-B74A-4F8B-BD27-534F838C0757}
		{F09D0A8A-61A5-4FCA-B49A-4B3B3DC00CC1} = {62D3CF14-00D5-404C-8354-1C6DFE94E947}
		{5B268CBF-9775-432A-8DBF-C4FB81F4794D} = {62D3CF14-00D5-404C-8354-1C6DFE94E947}
		{00F968AC-75B2-4CE8-A35D-367B04FC01E2} = {F3363FFD-B74A-4F8B-BD27-534F838C0757}
		{A32ADB36-FC97-45D1-8409-72F77F8FD7DB} = {00F968AC-75B2-4CE8-A35D-367B04FC01E2}
		{383BB8F3-768D-4D06-9F33-171A104364D4} = {00F968AC-75B2-4CE8-A35D-367B04FC01E2}
		{04BB40CD-EB2B-4235-B314-8A0C9FD85FA6} = {E7ADB1F0-3535-4F72-BC02-554CACFACFFF}
	EndGlobalSection
	GlobalSection(ExtensibilityGlobals) = postSolution
		SolutionGuid = {4A20D9D5-B268-4753-8057-813B6394829F}
	EndGlobalSection
EndGlobal
