
Microsoft Visual Studio Solution File, Format Version 12.00
# Visual Studio Version 17
VisualStudioVersion = 17.13.35931.197
MinimumVisualStudioVersion = 10.0.40219.1
Project("{FAE04EC0-301F-11D3-BF4B-00C04F79EFBC}") = "FluentCMS.Core.Repositories.Abstractions", "src\FluentCMS.Core.Repositories.Abstractions\FluentCMS.Core.Repositories.Abstractions.csproj", "{F4EC3DA7-3A7B-9FC0-130A-E778321D7C42}"
EndProject
Project("{FAE04EC0-301F-11D3-BF4B-00C04F79EFBC}") = "FluentCMS.Core.Repositories.LiteDB", "src\FluentCMS.Core.Repositories.LiteDB\FluentCMS.Core.Repositories.LiteDB.csproj", "{0F5480A9-7D52-2470-DE20-C1814356EC77}"
EndProject
Project("{FAE04EC0-301F-11D3-BF4B-00C04F79EFBC}") = "FluentCMS.Core.Repositories.Tests", "tests\FluentCMS.Core.Repositories.Tests\FluentCMS.Core.Repositories.Tests.csproj", "{F876E2AB-EA9F-5E63-CCF3-BB1CCEF957FA}"
EndProject
Project("{FAE04EC0-301F-11D3-BF4B-00C04F79EFBC}") = "FluentCMS.Core.Interception", "src\FluentCMS.Core.Interception\FluentCMS.Core.Interception.csproj", "{9A595978-5945-4DA2-A1EC-DC960E5DC329}"
EndProject
Project("{FAE04EC0-301F-11D3-BF4B-00C04F79EFBC}") = "FluentCMS.Core.Interception.Tests", "tests\FluentCMS.Core.Interception.Tests\FluentCMS.Core.Interception.Tests.csproj", "{4FB4E812-EE47-0CAC-67E4-24F06812D818}"
EndProject
Project("{FAE04EC0-301F-11D3-BF4B-00C04F79EFBC}") = "FluentCMS.Core.EventBus", "src\FluentCMS.Core.EventBus\FluentCMS.Core.EventBus.csproj", "{3E029A33-51B2-4101-AE73-6B5F2AB3EDBE}"
EndProject
Project("{2150E333-8FDC-42A3-9474-1A3956D46DE8}") = "tests", "tests", "{0AB3BF05-4346-4AA6-1389-037BE0695223}"
EndProject
Project("{FAE04EC0-301F-11D3-BF4B-00C04F79EFBC}") = "FluentCMS.Core.EventBus.FunctionalTests", "tests\FluentCMS.Core.EventBus.FunctionalTests\FluentCMS.Core.EventBus.FunctionalTests.csproj", "{ED956C83-8BC8-4FFB-BBF2-D7970191BBF3}"
EndProject
Project("{2150E333-8FDC-42A3-9474-1A3956D46DE8}") = "Respositories", "Respositories", "{02EA681E-C7D8-13C7-8484-4AC65E1B71E8}"
EndProject
Project("{2150E333-8FDC-42A3-9474-1A3956D46DE8}") = "EventBus", "EventBus", "{5744E356-8F2C-4B70-A94E-CAFAA39D45DB}"
EndProject
Project("{FAE04EC0-301F-11D3-BF4B-00C04F79EFBC}") = "FluentCMS.TodoApi", "src\FluentCMS.TodoApi\FluentCMS.TodoApi.csproj", "{5EC4E910-406D-49CA-815B-7C6E88BB1CED}"
EndProject
Project("{2150E333-8FDC-42A3-9474-1A3956D46DE8}") = "Interception", "Interception", "{B39501A4-7185-4951-8218-4AAAB84C8C09}"
EndProject
Project("{2150E333-8FDC-42A3-9474-1A3956D46DE8}") = "Services", "Services", "{F517694E-80FE-46D8-978A-85FB760C20B3}"
EndProject
Project("{FAE04EC0-301F-11D3-BF4B-00C04F79EFBC}") = "FluentCMS.Services", "src\FluentCMS.Services\FluentCMS.Services.csproj", "{2A50D079-75CF-4F96-9AFD-EC18DFB0E3BA}"
EndProject
Project("{FAE04EC0-301F-11D3-BF4B-00C04F79EFBC}") = "FluentCMS.Core.EventBus.Abstractions", "src\FluentCMS.Core.EventBus.Abstractions\FluentCMS.Core.EventBus.Abstractions.csproj", "{1EF9378D-0CA2-4194-A929-4FAEF86F0129}"
EndProject
Project("{2150E333-8FDC-42A3-9474-1A3956D46DE8}") = "Api", "Api", "{F5901223-83FB-4379-B5EF-450B6F845743}"
EndProject
Project("{FAE04EC0-301F-11D3-BF4B-00C04F79EFBC}") = "FluentCMS.Core.Api", "src\FluentCMS.Core.Api\FluentCMS.Core.Api.csproj", "{7836B03D-DA43-4FEB-93B4-19902C6CAB98}"
EndProject
Project("{FAE04EC0-301F-11D3-BF4B-00C04F79EFBC}") = "FluentCMS.Core", "src\FluentCMS.Core\FluentCMS.Core.csproj", "{C2F1A2EF-CEA7-4FD4-BE3E-3993FBE215E7}"
EndProject
Project("{FAE04EC0-301F-11D3-BF4B-00C04F79EFBC}") = "FluentCMS", "src\FluentCMS\FluentCMS.csproj", "{67568F19-6F5D-4E6D-B60F-0BCEF2CB4169}"
EndProject
Global
	GlobalSection(SolutionConfigurationPlatforms) = preSolution
		Debug|Any CPU = Debug|Any CPU
		Debug|x64 = Debug|x64
		Debug|x86 = Debug|x86
		Release|Any CPU = Release|Any CPU
		Release|x64 = Release|x64
		Release|x86 = Release|x86
	EndGlobalSection
	GlobalSection(ProjectConfigurationPlatforms) = postSolution
		{F4EC3DA7-3A7B-9FC0-130A-E778321D7C42}.Debug|Any CPU.ActiveCfg = Debug|Any CPU
		{F4EC3DA7-3A7B-9FC0-130A-E778321D7C42}.Debug|Any CPU.Build.0 = Debug|Any CPU
		{F4EC3DA7-3A7B-9FC0-130A-E778321D7C42}.Debug|x64.ActiveCfg = Debug|Any CPU
		{F4EC3DA7-3A7B-9FC0-130A-E778321D7C42}.Debug|x64.Build.0 = Debug|Any CPU
		{F4EC3DA7-3A7B-9FC0-130A-E778321D7C42}.Debug|x86.ActiveCfg = Debug|Any CPU
		{F4EC3DA7-3A7B-9FC0-130A-E778321D7C42}.Debug|x86.Build.0 = Debug|Any CPU
		{F4EC3DA7-3A7B-9FC0-130A-E778321D7C42}.Release|Any CPU.ActiveCfg = Release|Any CPU
		{F4EC3DA7-3A7B-9FC0-130A-E778321D7C42}.Release|Any CPU.Build.0 = Release|Any CPU
		{F4EC3DA7-3A7B-9FC0-130A-E778321D7C42}.Release|x64.ActiveCfg = Release|Any CPU
		{F4EC3DA7-3A7B-9FC0-130A-E778321D7C42}.Release|x64.Build.0 = Release|Any CPU
		{F4EC3DA7-3A7B-9FC0-130A-E778321D7C42}.Release|x86.ActiveCfg = Release|Any CPU
		{F4EC3DA7-3A7B-9FC0-130A-E778321D7C42}.Release|x86.Build.0 = Release|Any CPU
		{0F5480A9-7D52-2470-DE20-C1814356EC77}.Debug|Any CPU.ActiveCfg = Debug|Any CPU
		{0F5480A9-7D52-2470-DE20-C1814356EC77}.Debug|Any CPU.Build.0 = Debug|Any CPU
		{0F5480A9-7D52-2470-DE20-C1814356EC77}.Debug|x64.ActiveCfg = Debug|Any CPU
		{0F5480A9-7D52-2470-DE20-C1814356EC77}.Debug|x64.Build.0 = Debug|Any CPU
		{0F5480A9-7D52-2470-DE20-C1814356EC77}.Debug|x86.ActiveCfg = Debug|Any CPU
		{0F5480A9-7D52-2470-DE20-C1814356EC77}.Debug|x86.Build.0 = Debug|Any CPU
		{0F5480A9-7D52-2470-DE20-C1814356EC77}.Release|Any CPU.ActiveCfg = Release|Any CPU
		{0F5480A9-7D52-2470-DE20-C1814356EC77}.Release|Any CPU.Build.0 = Release|Any CPU
		{0F5480A9-7D52-2470-DE20-C1814356EC77}.Release|x64.ActiveCfg = Release|Any CPU
		{0F5480A9-7D52-2470-DE20-C1814356EC77}.Release|x64.Build.0 = Release|Any CPU
		{0F5480A9-7D52-2470-DE20-C1814356EC77}.Release|x86.ActiveCfg = Release|Any CPU
		{0F5480A9-7D52-2470-DE20-C1814356EC77}.Release|x86.Build.0 = Release|Any CPU
		{F876E2AB-EA9F-5E63-CCF3-BB1CCEF957FA}.Debug|Any CPU.ActiveCfg = Debug|Any CPU
		{F876E2AB-EA9F-5E63-CCF3-BB1CCEF957FA}.Debug|Any CPU.Build.0 = Debug|Any CPU
		{F876E2AB-EA9F-5E63-CCF3-BB1CCEF957FA}.Debug|x64.ActiveCfg = Debug|Any CPU
		{F876E2AB-EA9F-5E63-CCF3-BB1CCEF957FA}.Debug|x64.Build.0 = Debug|Any CPU
		{F876E2AB-EA9F-5E63-CCF3-BB1CCEF957FA}.Debug|x86.ActiveCfg = Debug|Any CPU
		{F876E2AB-EA9F-5E63-CCF3-BB1CCEF957FA}.Debug|x86.Build.0 = Debug|Any CPU
		{F876E2AB-EA9F-5E63-CCF3-BB1CCEF957FA}.Release|Any CPU.ActiveCfg = Release|Any CPU
		{F876E2AB-EA9F-5E63-CCF3-BB1CCEF957FA}.Release|Any CPU.Build.0 = Release|Any CPU
		{F876E2AB-EA9F-5E63-CCF3-BB1CCEF957FA}.Release|x64.ActiveCfg = Release|Any CPU
		{F876E2AB-EA9F-5E63-CCF3-BB1CCEF957FA}.Release|x64.Build.0 = Release|Any CPU
		{F876E2AB-EA9F-5E63-CCF3-BB1CCEF957FA}.Release|x86.ActiveCfg = Release|Any CPU
		{F876E2AB-EA9F-5E63-CCF3-BB1CCEF957FA}.Release|x86.Build.0 = Release|Any CPU
		{9A595978-5945-4DA2-A1EC-DC960E5DC329}.Debug|Any CPU.ActiveCfg = Debug|Any CPU
		{9A595978-5945-4DA2-A1EC-DC960E5DC329}.Debug|Any CPU.Build.0 = Debug|Any CPU
		{9A595978-5945-4DA2-A1EC-DC960E5DC329}.Debug|x64.ActiveCfg = Debug|Any CPU
		{9A595978-5945-4DA2-A1EC-DC960E5DC329}.Debug|x64.Build.0 = Debug|Any CPU
		{9A595978-5945-4DA2-A1EC-DC960E5DC329}.Debug|x86.ActiveCfg = Debug|Any CPU
		{9A595978-5945-4DA2-A1EC-DC960E5DC329}.Debug|x86.Build.0 = Debug|Any CPU
		{9A595978-5945-4DA2-A1EC-DC960E5DC329}.Release|Any CPU.ActiveCfg = Release|Any CPU
		{9A595978-5945-4DA2-A1EC-DC960E5DC329}.Release|Any CPU.Build.0 = Release|Any CPU
		{9A595978-5945-4DA2-A1EC-DC960E5DC329}.Release|x64.ActiveCfg = Release|Any CPU
		{9A595978-5945-4DA2-A1EC-DC960E5DC329}.Release|x64.Build.0 = Release|Any CPU
		{9A595978-5945-4DA2-A1EC-DC960E5DC329}.Release|x86.ActiveCfg = Release|Any CPU
		{9A595978-5945-4DA2-A1EC-DC960E5DC329}.Release|x86.Build.0 = Release|Any CPU
		{4FB4E812-EE47-0CAC-67E4-24F06812D818}.Debug|Any CPU.ActiveCfg = Debug|Any CPU
		{4FB4E812-EE47-0CAC-67E4-24F06812D818}.Debug|Any CPU.Build.0 = Debug|Any CPU
		{4FB4E812-EE47-0CAC-67E4-24F06812D818}.Debug|x64.ActiveCfg = Debug|Any CPU
		{4FB4E812-EE47-0CAC-67E4-24F06812D818}.Debug|x64.Build.0 = Debug|Any CPU
		{4FB4E812-EE47-0CAC-67E4-24F06812D818}.Debug|x86.ActiveCfg = Debug|Any CPU
		{4FB4E812-EE47-0CAC-67E4-24F06812D818}.Debug|x86.Build.0 = Debug|Any CPU
		{4FB4E812-EE47-0CAC-67E4-24F06812D818}.Release|Any CPU.ActiveCfg = Release|Any CPU
		{4FB4E812-EE47-0CAC-67E4-24F06812D818}.Release|Any CPU.Build.0 = Release|Any CPU
		{4FB4E812-EE47-0CAC-67E4-24F06812D818}.Release|x64.ActiveCfg = Release|Any CPU
		{4FB4E812-EE47-0CAC-67E4-24F06812D818}.Release|x64.Build.0 = Release|Any CPU
		{4FB4E812-EE47-0CAC-67E4-24F06812D818}.Release|x86.ActiveCfg = Release|Any CPU
		{4FB4E812-EE47-0CAC-67E4-24F06812D818}.Release|x86.Build.0 = Release|Any CPU
		{3E029A33-51B2-4101-AE73-6B5F2AB3EDBE}.Debug|Any CPU.ActiveCfg = Debug|Any CPU
		{3E029A33-51B2-4101-AE73-6B5F2AB3EDBE}.Debug|Any CPU.Build.0 = Debug|Any CPU
		{3E029A33-51B2-4101-AE73-6B5F2AB3EDBE}.Debug|x64.ActiveCfg = Debug|Any CPU
		{3E029A33-51B2-4101-AE73-6B5F2AB3EDBE}.Debug|x64.Build.0 = Debug|Any CPU
		{3E029A33-51B2-4101-AE73-6B5F2AB3EDBE}.Debug|x86.ActiveCfg = Debug|Any CPU
		{3E029A33-51B2-4101-AE73-6B5F2AB3EDBE}.Debug|x86.Build.0 = Debug|Any CPU
		{3E029A33-51B2-4101-AE73-6B5F2AB3EDBE}.Release|Any CPU.ActiveCfg = Release|Any CPU
		{3E029A33-51B2-4101-AE73-6B5F2AB3EDBE}.Release|Any CPU.Build.0 = Release|Any CPU
		{3E029A33-51B2-4101-AE73-6B5F2AB3EDBE}.Release|x64.ActiveCfg = Release|Any CPU
		{3E029A33-51B2-4101-AE73-6B5F2AB3EDBE}.Release|x64.Build.0 = Release|Any CPU
		{3E029A33-51B2-4101-AE73-6B5F2AB3EDBE}.Release|x86.ActiveCfg = Release|Any CPU
		{3E029A33-51B2-4101-AE73-6B5F2AB3EDBE}.Release|x86.Build.0 = Release|Any CPU
		{ED956C83-8BC8-4FFB-BBF2-D7970191BBF3}.Debug|Any CPU.ActiveCfg = Debug|Any CPU
		{ED956C83-8BC8-4FFB-BBF2-D7970191BBF3}.Debug|Any CPU.Build.0 = Debug|Any CPU
		{ED956C83-8BC8-4FFB-BBF2-D7970191BBF3}.Debug|x64.ActiveCfg = Debug|Any CPU
		{ED956C83-8BC8-4FFB-BBF2-D7970191BBF3}.Debug|x64.Build.0 = Debug|Any CPU
		{ED956C83-8BC8-4FFB-BBF2-D7970191BBF3}.Debug|x86.ActiveCfg = Debug|Any CPU
		{ED956C83-8BC8-4FFB-BBF2-D7970191BBF3}.Debug|x86.Build.0 = Debug|Any CPU
		{ED956C83-8BC8-4FFB-BBF2-D7970191BBF3}.Release|Any CPU.ActiveCfg = Release|Any CPU
		{ED956C83-8BC8-4FFB-BBF2-D7970191BBF3}.Release|Any CPU.Build.0 = Release|Any CPU
		{ED956C83-8BC8-4FFB-BBF2-D7970191BBF3}.Release|x64.ActiveCfg = Release|Any CPU
		{ED956C83-8BC8-4FFB-BBF2-D7970191BBF3}.Release|x64.Build.0 = Release|Any CPU
		{ED956C83-8BC8-4FFB-BBF2-D7970191BBF3}.Release|x86.ActiveCfg = Release|Any CPU
		{ED956C83-8BC8-4FFB-BBF2-D7970191BBF3}.Release|x86.Build.0 = Release|Any CPU
		{5EC4E910-406D-49CA-815B-7C6E88BB1CED}.Debug|Any CPU.ActiveCfg = Debug|Any CPU
		{5EC4E910-406D-49CA-815B-7C6E88BB1CED}.Debug|Any CPU.Build.0 = Debug|Any CPU
		{5EC4E910-406D-49CA-815B-7C6E88BB1CED}.Debug|x64.ActiveCfg = Debug|Any CPU
		{5EC4E910-406D-49CA-815B-7C6E88BB1CED}.Debug|x64.Build.0 = Debug|Any CPU
		{5EC4E910-406D-49CA-815B-7C6E88BB1CED}.Debug|x86.ActiveCfg = Debug|Any CPU
		{5EC4E910-406D-49CA-815B-7C6E88BB1CED}.Debug|x86.Build.0 = Debug|Any CPU
		{5EC4E910-406D-49CA-815B-7C6E88BB1CED}.Release|Any CPU.ActiveCfg = Release|Any CPU
		{5EC4E910-406D-49CA-815B-7C6E88BB1CED}.Release|Any CPU.Build.0 = Release|Any CPU
		{5EC4E910-406D-49CA-815B-7C6E88BB1CED}.Release|x64.ActiveCfg = Release|Any CPU
		{5EC4E910-406D-49CA-815B-7C6E88BB1CED}.Release|x64.Build.0 = Release|Any CPU
		{5EC4E910-406D-49CA-815B-7C6E88BB1CED}.Release|x86.ActiveCfg = Release|Any CPU
		{5EC4E910-406D-49CA-815B-7C6E88BB1CED}.Release|x86.Build.0 = Release|Any CPU
		{2A50D079-75CF-4F96-9AFD-EC18DFB0E3BA}.Debug|Any CPU.ActiveCfg = Debug|Any CPU
		{2A50D079-75CF-4F96-9AFD-EC18DFB0E3BA}.Debug|Any CPU.Build.0 = Debug|Any CPU
		{2A50D079-75CF-4F96-9AFD-EC18DFB0E3BA}.Debug|x64.ActiveCfg = Debug|Any CPU
		{2A50D079-75CF-4F96-9AFD-EC18DFB0E3BA}.Debug|x64.Build.0 = Debug|Any CPU
		{2A50D079-75CF-4F96-9AFD-EC18DFB0E3BA}.Debug|x86.ActiveCfg = Debug|Any CPU
		{2A50D079-75CF-4F96-9AFD-EC18DFB0E3BA}.Debug|x86.Build.0 = Debug|Any CPU
		{2A50D079-75CF-4F96-9AFD-EC18DFB0E3BA}.Release|Any CPU.ActiveCfg = Release|Any CPU
		{2A50D079-75CF-4F96-9AFD-EC18DFB0E3BA}.Release|Any CPU.Build.0 = Release|Any CPU
		{2A50D079-75CF-4F96-9AFD-EC18DFB0E3BA}.Release|x64.ActiveCfg = Release|Any CPU
		{2A50D079-75CF-4F96-9AFD-EC18DFB0E3BA}.Release|x64.Build.0 = Release|Any CPU
		{2A50D079-75CF-4F96-9AFD-EC18DFB0E3BA}.Release|x86.ActiveCfg = Release|Any CPU
		{2A50D079-75CF-4F96-9AFD-EC18DFB0E3BA}.Release|x86.Build.0 = Release|Any CPU
		{1EF9378D-0CA2-4194-A929-4FAEF86F0129}.Debug|Any CPU.ActiveCfg = Debug|Any CPU
		{1EF9378D-0CA2-4194-A929-4FAEF86F0129}.Debug|Any CPU.Build.0 = Debug|Any CPU
		{1EF9378D-0CA2-4194-A929-4FAEF86F0129}.Debug|x64.ActiveCfg = Debug|Any CPU
		{1EF9378D-0CA2-4194-A929-4FAEF86F0129}.Debug|x64.Build.0 = Debug|Any CPU
		{1EF9378D-0CA2-4194-A929-4FAEF86F0129}.Debug|x86.ActiveCfg = Debug|Any CPU
		{1EF9378D-0CA2-4194-A929-4FAEF86F0129}.Debug|x86.Build.0 = Debug|Any CPU
		{1EF9378D-0CA2-4194-A929-4FAEF86F0129}.Release|Any CPU.ActiveCfg = Release|Any CPU
		{1EF9378D-0CA2-4194-A929-4FAEF86F0129}.Release|Any CPU.Build.0 = Release|Any CPU
		{1EF9378D-0CA2-4194-A929-4FAEF86F0129}.Release|x64.ActiveCfg = Release|Any CPU
		{1EF9378D-0CA2-4194-A929-4FAEF86F0129}.Release|x64.Build.0 = Release|Any CPU
		{1EF9378D-0CA2-4194-A929-4FAEF86F0129}.Release|x86.ActiveCfg = Release|Any CPU
		{1EF9378D-0CA2-4194-A929-4FAEF86F0129}.Release|x86.Build.0 = Release|Any CPU
		{7836B03D-DA43-4FEB-93B4-19902C6CAB98}.Debug|Any CPU.ActiveCfg = Debug|Any CPU
		{7836B03D-DA43-4FEB-93B4-19902C6CAB98}.Debug|Any CPU.Build.0 = Debug|Any CPU
		{7836B03D-DA43-4FEB-93B4-19902C6CAB98}.Debug|x64.ActiveCfg = Debug|Any CPU
		{7836B03D-DA43-4FEB-93B4-19902C6CAB98}.Debug|x64.Build.0 = Debug|Any CPU
		{7836B03D-DA43-4FEB-93B4-19902C6CAB98}.Debug|x86.ActiveCfg = Debug|Any CPU
		{7836B03D-DA43-4FEB-93B4-19902C6CAB98}.Debug|x86.Build.0 = Debug|Any CPU
		{7836B03D-DA43-4FEB-93B4-19902C6CAB98}.Release|Any CPU.ActiveCfg = Release|Any CPU
		{7836B03D-DA43-4FEB-93B4-19902C6CAB98}.Release|Any CPU.Build.0 = Release|Any CPU
		{7836B03D-DA43-4FEB-93B4-19902C6CAB98}.Release|x64.ActiveCfg = Release|Any CPU
		{7836B03D-DA43-4FEB-93B4-19902C6CAB98}.Release|x64.Build.0 = Release|Any CPU
		{7836B03D-DA43-4FEB-93B4-19902C6CAB98}.Release|x86.ActiveCfg = Release|Any CPU
		{7836B03D-DA43-4FEB-93B4-19902C6CAB98}.Release|x86.Build.0 = Release|Any CPU
		{C2F1A2EF-CEA7-4FD4-BE3E-3993FBE215E7}.Debug|Any CPU.ActiveCfg = Debug|Any CPU
		{C2F1A2EF-CEA7-4FD4-BE3E-3993FBE215E7}.Debug|Any CPU.Build.0 = Debug|Any CPU
		{C2F1A2EF-CEA7-4FD4-BE3E-3993FBE215E7}.Debug|x64.ActiveCfg = Debug|Any CPU
		{C2F1A2EF-CEA7-4FD4-BE3E-3993FBE215E7}.Debug|x64.Build.0 = Debug|Any CPU
		{C2F1A2EF-CEA7-4FD4-BE3E-3993FBE215E7}.Debug|x86.ActiveCfg = Debug|Any CPU
		{C2F1A2EF-CEA7-4FD4-BE3E-3993FBE215E7}.Debug|x86.Build.0 = Debug|Any CPU
		{C2F1A2EF-CEA7-4FD4-BE3E-3993FBE215E7}.Release|Any CPU.ActiveCfg = Release|Any CPU
		{C2F1A2EF-CEA7-4FD4-BE3E-3993FBE215E7}.Release|Any CPU.Build.0 = Release|Any CPU
		{C2F1A2EF-CEA7-4FD4-BE3E-3993FBE215E7}.Release|x64.ActiveCfg = Release|Any CPU
		{C2F1A2EF-CEA7-4FD4-BE3E-3993FBE215E7}.Release|x64.Build.0 = Release|Any CPU
		{C2F1A2EF-CEA7-4FD4-BE3E-3993FBE215E7}.Release|x86.ActiveCfg = Release|Any CPU
		{C2F1A2EF-CEA7-4FD4-BE3E-3993FBE215E7}.Release|x86.Build.0 = Release|Any CPU
		{67568F19-6F5D-4E6D-B60F-0BCEF2CB4169}.Debug|Any CPU.ActiveCfg = Debug|Any CPU
		{67568F19-6F5D-4E6D-B60F-0BCEF2CB4169}.Debug|Any CPU.Build.0 = Debug|Any CPU
		{67568F19-6F5D-4E6D-B60F-0BCEF2CB4169}.Debug|x64.ActiveCfg = Debug|Any CPU
		{67568F19-6F5D-4E6D-B60F-0BCEF2CB4169}.Debug|x64.Build.0 = Debug|Any CPU
		{67568F19-6F5D-4E6D-B60F-0BCEF2CB4169}.Debug|x86.ActiveCfg = Debug|Any CPU
		{67568F19-6F5D-4E6D-B60F-0BCEF2CB4169}.Debug|x86.Build.0 = Debug|Any CPU
		{67568F19-6F5D-4E6D-B60F-0BCEF2CB4169}.Release|Any CPU.ActiveCfg = Release|Any CPU
		{67568F19-6F5D-4E6D-B60F-0BCEF2CB4169}.Release|Any CPU.Build.0 = Release|Any CPU
		{67568F19-6F5D-4E6D-B60F-0BCEF2CB4169}.Release|x64.ActiveCfg = Release|Any CPU
		{67568F19-6F5D-4E6D-B60F-0BCEF2CB4169}.Release|x64.Build.0 = Release|Any CPU
		{67568F19-6F5D-4E6D-B60F-0BCEF2CB4169}.Release|x86.ActiveCfg = Release|Any CPU
		{67568F19-6F5D-4E6D-B60F-0BCEF2CB4169}.Release|x86.Build.0 = Release|Any CPU
	EndGlobalSection
	GlobalSection(SolutionProperties) = preSolution
		HideSolutionNode = FALSE
	EndGlobalSection
	GlobalSection(NestedProjects) = preSolution
		{F4EC3DA7-3A7B-9FC0-130A-E778321D7C42} = {02EA681E-C7D8-13C7-8484-4AC65E1B71E8}
		{0F5480A9-7D52-2470-DE20-C1814356EC77} = {02EA681E-C7D8-13C7-8484-4AC65E1B71E8}
		{F876E2AB-EA9F-5E63-CCF3-BB1CCEF957FA} = {0AB3BF05-4346-4AA6-1389-037BE0695223}
		{9A595978-5945-4DA2-A1EC-DC960E5DC329} = {B39501A4-7185-4951-8218-4AAAB84C8C09}
		{4FB4E812-EE47-0CAC-67E4-24F06812D818} = {0AB3BF05-4346-4AA6-1389-037BE0695223}
		{3E029A33-51B2-4101-AE73-6B5F2AB3EDBE} = {5744E356-8F2C-4B70-A94E-CAFAA39D45DB}
		{ED956C83-8BC8-4FFB-BBF2-D7970191BBF3} = {0AB3BF05-4346-4AA6-1389-037BE0695223}
		{2A50D079-75CF-4F96-9AFD-EC18DFB0E3BA} = {F517694E-80FE-46D8-978A-85FB760C20B3}
		{1EF9378D-0CA2-4194-A929-4FAEF86F0129} = {5744E356-8F2C-4B70-A94E-CAFAA39D45DB}
		{7836B03D-DA43-4FEB-93B4-19902C6CAB98} = {F5901223-83FB-4379-B5EF-450B6F845743}
	EndGlobalSection
	GlobalSection(ExtensibilityGlobals) = postSolution
		SolutionGuid = {4A20D9D5-B268-4753-8057-813B6394829F}
	EndGlobalSection
EndGlobal
